// !$*UTF8*$!
{
	archiveVersion = 1;
	classes = {
	};
	objectVersion = 46;
	objects = {

/* Begin PBXBuildFile section */
		A815D69E1DED18A800ADFAC8 /* LianDongTableViewController.m in Sources */ = {isa = PBXBuildFile; fileRef = A815D69D1DED18A800ADFAC8 /* LianDongTableViewController.m */; };
		A815D6A11DED230500ADFAC8 /* TableViewViewController.m in Sources */ = {isa = PBXBuildFile; fileRef = A815D6A01DED230500ADFAC8 /* TableViewViewController.m */; };
		A815D6A41DED230D00ADFAC8 /* CollectionViewViewController.m in Sources */ = {isa = PBXBuildFile; fileRef = A815D6A31DED230D00ADFAC8 /* CollectionViewViewController.m */; };
		A815D6A71DED25D800ADFAC8 /* liwushuo.json in Resources */ = {isa = PBXBuildFile; fileRef = A815D6A51DED25D800ADFAC8 /* liwushuo.json */; };
		A815D6A81DED25D800ADFAC8 /* meituan.json in Resources */ = {isa = PBXBuildFile; fileRef = A815D6A61DED25D800ADFAC8 /* meituan.json */; };
		A815D6AD1DED299600ADFAC8 /* CategoryModel.m in Sources */ = {isa = PBXBuildFile; fileRef = A815D6AC1DED299600ADFAC8 /* CategoryModel.m */; };
		A815D6B11DED2A1700ADFAC8 /* NSObject+Property.m in Sources */ = {isa = PBXBuildFile; fileRef = A815D6B01DED2A1700ADFAC8 /* NSObject+Property.m */; };
		A815D6B41DED30AA00ADFAC8 /* LeftTableViewCell.m in Sources */ = {isa = PBXBuildFile; fileRef = A815D6B31DED30AA00ADFAC8 /* LeftTableViewCell.m */; };
		A8C34E8A1DE7E34D00BFC4F5 /* main.m in Sources */ = {isa = PBXBuildFile; fileRef = A8C34E891DE7E34D00BFC4F5 /* main.m */; };
		A8C34E8D1DE7E34D00BFC4F5 /* AppDelegate.m in Sources */ = {isa = PBXBuildFile; fileRef = A8C34E8C1DE7E34D00BFC4F5 /* AppDelegate.m */; };
		A8C34E901DE7E34D00BFC4F5 /* ViewController.m in Sources */ = {isa = PBXBuildFile; fileRef = A8C34E8F1DE7E34D00BFC4F5 /* ViewController.m */; };
		A8C34E931DE7E34D00BFC4F5 /* Main.storyboard in Resources */ = {isa = PBXBuildFile; fileRef = A8C34E911DE7E34D00BFC4F5 /* Main.storyboard */; };
		A8C34E951DE7E34D00BFC4F5 /* Assets.xcassets in Resources */ = {isa = PBXBuildFile; fileRef = A8C34E941DE7E34D00BFC4F5 /* Assets.xcassets */; };
		A8C34E981DE7E34D00BFC4F5 /* LaunchScreen.storyboard in Resources */ = {isa = PBXBuildFile; fileRef = A8C34E961DE7E34D00BFC4F5 /* LaunchScreen.storyboard */; };
		A8C34EA21DE7E4BC00BFC4F5 /* SwipCellViewController.m in Sources */ = {isa = PBXBuildFile; fileRef = A8C34EA11DE7E4BC00BFC4F5 /* SwipCellViewController.m */; };
		A8C34EB01DE8139D00BFC4F5 /* HFStretchableTableHeaderView.m in Sources */ = {isa = PBXBuildFile; fileRef = A8C34EAD1DE8139D00BFC4F5 /* HFStretchableTableHeaderView.m */; };
		A8C34EB11DE8139D00BFC4F5 /* main_set_background@2x.png in Resources */ = {isa = PBXBuildFile; fileRef = A8C34EAE1DE8139D00BFC4F5 /* main_set_background@2x.png */; };
		A8C34EB21DE8139D00BFC4F5 /* userHead.jpg in Resources */ = {isa = PBXBuildFile; fileRef = A8C34EAF1DE8139D00BFC4F5 /* userHead.jpg */; };
		A8C34EB51DE813B500BFC4F5 /* HeaderStrechViewController.m in Sources */ = {isa = PBXBuildFile; fileRef = A8C34EB41DE813B500BFC4F5 /* HeaderStrechViewController.m */; };
		A8C34EBC1DE82A4200BFC4F5 /* MyModel.m in Sources */ = {isa = PBXBuildFile; fileRef = A8C34EBB1DE82A4200BFC4F5 /* MyModel.m */; };
		A8C34EBF1DE82A5F00BFC4F5 /* TableViewListViewController.m in Sources */ = {isa = PBXBuildFile; fileRef = A8C34EBE1DE82A5F00BFC4F5 /* TableViewListViewController.m */; };
		A8FA1DB31DEC28980008C1CB /* MenuViewController.m in Sources */ = {isa = PBXBuildFile; fileRef = A8FA1DB21DEC28980008C1CB /* MenuViewController.m */; };
		A8FA1DBB1DEC28B40008C1CB /* MenuModel.m in Sources */ = {isa = PBXBuildFile; fileRef = A8FA1DB61DEC28B40008C1CB /* MenuModel.m */; };
		A8FA1DBC1DEC28B40008C1CB /* MenuTableViewCell.m in Sources */ = {isa = PBXBuildFile; fileRef = A8FA1DB81DEC28B40008C1CB /* MenuTableViewCell.m */; };
		A8FA1DBD1DEC28B40008C1CB /* MenuView.m in Sources */ = {isa = PBXBuildFile; fileRef = A8FA1DBA1DEC28B40008C1CB /* MenuView.m */; };
		A8FA1DC01DEC28FD0008C1CB /* SecondViewController.m in Sources */ = {isa = PBXBuildFile; fileRef = A8FA1DBF1DEC28FD0008C1CB /* SecondViewController.m */; };
/* End PBXBuildFile section */

/* Begin PBXFileReference section */
		A815D69C1DED18A800ADFAC8 /* LianDongTableViewController.h */ = {isa = PBXFileReference; fileEncoding = 4; lastKnownFileType = sourcecode.c.h; path = LianDongTableViewController.h; sourceTree = "<group>"; };
		A815D69D1DED18A800ADFAC8 /* LianDongTableViewController.m */ = {isa = PBXFileReference; fileEncoding = 4; lastKnownFileType = sourcecode.c.objc; path = LianDongTableViewController.m; sourceTree = "<group>"; };
		A815D69F1DED230500ADFAC8 /* TableViewViewController.h */ = {isa = PBXFileReference; fileEncoding = 4; lastKnownFileType = sourcecode.c.h; path = TableViewViewController.h; sourceTree = "<group>"; };
		A815D6A01DED230500ADFAC8 /* TableViewViewController.m */ = {isa = PBXFileReference; fileEncoding = 4; lastKnownFileType = sourcecode.c.objc; path = TableViewViewController.m; sourceTree = "<group>"; };
		A815D6A21DED230D00ADFAC8 /* CollectionViewViewController.h */ = {isa = PBXFileReference; fileEncoding = 4; lastKnownFileType = sourcecode.c.h; path = CollectionViewViewController.h; sourceTree = "<group>"; };
		A815D6A31DED230D00ADFAC8 /* CollectionViewViewController.m */ = {isa = PBXFileReference; fileEncoding = 4; lastKnownFileType = sourcecode.c.objc; path = CollectionViewViewController.m; sourceTree = "<group>"; };
		A815D6A51DED25D800ADFAC8 /* liwushuo.json */ = {isa = PBXFileReference; fileEncoding = 4; lastKnownFileType = text.json; name = liwushuo.json; path = "5 联动/liwushuo.json"; sourceTree = "<group>"; };
		A815D6A61DED25D800ADFAC8 /* meituan.json */ = {isa = PBXFileReference; fileEncoding = 4; lastKnownFileType = text.json; name = meituan.json; path = "5 联动/meituan.json"; sourceTree = "<group>"; };
		A815D6AB1DED299600ADFAC8 /* CategoryModel.h */ = {isa = PBXFileReference; fileEncoding = 4; lastKnownFileType = sourcecode.c.h; path = CategoryModel.h; sourceTree = "<group>"; };
		A815D6AC1DED299600ADFAC8 /* CategoryModel.m */ = {isa = PBXFileReference; fileEncoding = 4; lastKnownFileType = sourcecode.c.objc; path = CategoryModel.m; sourceTree = "<group>"; };
		A815D6AF1DED2A1700ADFAC8 /* NSObject+Property.h */ = {isa = PBXFileReference; fileEncoding = 4; lastKnownFileType = sourcecode.c.h; path = "NSObject+Property.h"; sourceTree = "<group>"; };
		A815D6B01DED2A1700ADFAC8 /* NSObject+Property.m */ = {isa = PBXFileReference; fileEncoding = 4; lastKnownFileType = sourcecode.c.objc; path = "NSObject+Property.m"; sourceTree = "<group>"; };
		A815D6B21DED30AA00ADFAC8 /* LeftTableViewCell.h */ = {isa = PBXFileReference; fileEncoding = 4; lastKnownFileType = sourcecode.c.h; path = LeftTableViewCell.h; sourceTree = "<group>"; };
		A815D6B31DED30AA00ADFAC8 /* LeftTableViewCell.m */ = {isa = PBXFileReference; fileEncoding = 4; lastKnownFileType = sourcecode.c.objc; path = LeftTableViewCell.m; sourceTree = "<group>"; };
		A8C34E851DE7E34D00BFC4F5 /* UITableView.app */ = {isa = PBXFileReference; explicitFileType = wrapper.application; includeInIndex = 0; path = UITableView.app; sourceTree = BUILT_PRODUCTS_DIR; };
		A8C34E891DE7E34D00BFC4F5 /* main.m */ = {isa = PBXFileReference; lastKnownFileType = sourcecode.c.objc; path = main.m; sourceTree = "<group>"; };
		A8C34E8B1DE7E34D00BFC4F5 /* AppDelegate.h */ = {isa = PBXFileReference; lastKnownFileType = sourcecode.c.h; path = AppDelegate.h; sourceTree = "<group>"; };
		A8C34E8C1DE7E34D00BFC4F5 /* AppDelegate.m */ = {isa = PBXFileReference; lastKnownFileType = sourcecode.c.objc; path = AppDelegate.m; sourceTree = "<group>"; };
		A8C34E8E1DE7E34D00BFC4F5 /* ViewController.h */ = {isa = PBXFileReference; lastKnownFileType = sourcecode.c.h; path = ViewController.h; sourceTree = "<group>"; };
		A8C34E8F1DE7E34D00BFC4F5 /* ViewController.m */ = {isa = PBXFileReference; lastKnownFileType = sourcecode.c.objc; path = ViewController.m; sourceTree = "<group>"; };
		A8C34E921DE7E34D00BFC4F5 /* Base */ = {isa = PBXFileReference; lastKnownFileType = file.storyboard; name = Base; path = Base.lproj/Main.storyboard; sourceTree = "<group>"; };
		A8C34E941DE7E34D00BFC4F5 /* Assets.xcassets */ = {isa = PBXFileReference; lastKnownFileType = folder.assetcatalog; path = Assets.xcassets; sourceTree = "<group>"; };
		A8C34E971DE7E34D00BFC4F5 /* Base */ = {isa = PBXFileReference; lastKnownFileType = file.storyboard; name = Base; path = Base.lproj/LaunchScreen.storyboard; sourceTree = "<group>"; };
		A8C34E991DE7E34D00BFC4F5 /* Info.plist */ = {isa = PBXFileReference; lastKnownFileType = text.plist.xml; path = Info.plist; sourceTree = "<group>"; };
		A8C34EA01DE7E4BC00BFC4F5 /* SwipCellViewController.h */ = {isa = PBXFileReference; fileEncoding = 4; lastKnownFileType = sourcecode.c.h; path = SwipCellViewController.h; sourceTree = "<group>"; };
		A8C34EA11DE7E4BC00BFC4F5 /* SwipCellViewController.m */ = {isa = PBXFileReference; fileEncoding = 4; lastKnownFileType = sourcecode.c.objc; path = SwipCellViewController.m; sourceTree = "<group>"; };
		A8C34EAC1DE8139D00BFC4F5 /* HFStretchableTableHeaderView.h */ = {isa = PBXFileReference; fileEncoding = 4; lastKnownFileType = sourcecode.c.h; path = HFStretchableTableHeaderView.h; sourceTree = "<group>"; };
		A8C34EAD1DE8139D00BFC4F5 /* HFStretchableTableHeaderView.m */ = {isa = PBXFileReference; fileEncoding = 4; lastKnownFileType = sourcecode.c.objc; path = HFStretchableTableHeaderView.m; sourceTree = "<group>"; };
		A8C34EAE1DE8139D00BFC4F5 /* main_set_background@2x.png */ = {isa = PBXFileReference; lastKnownFileType = image.png; path = "main_set_background@2x.png"; sourceTree = "<group>"; };
		A8C34EAF1DE8139D00BFC4F5 /* userHead.jpg */ = {isa = PBXFileReference; lastKnownFileType = image.jpeg; path = userHead.jpg; sourceTree = "<group>"; };
		A8C34EB31DE813B500BFC4F5 /* HeaderStrechViewController.h */ = {isa = PBXFileReference; fileEncoding = 4; lastKnownFileType = sourcecode.c.h; path = HeaderStrechViewController.h; sourceTree = "<group>"; };
		A8C34EB41DE813B500BFC4F5 /* HeaderStrechViewController.m */ = {isa = PBXFileReference; fileEncoding = 4; lastKnownFileType = sourcecode.c.objc; path = HeaderStrechViewController.m; sourceTree = "<group>"; };
		A8C34EBA1DE82A4200BFC4F5 /* MyModel.h */ = {isa = PBXFileReference; fileEncoding = 4; lastKnownFileType = sourcecode.c.h; path = MyModel.h; sourceTree = "<group>"; };
		A8C34EBB1DE82A4200BFC4F5 /* MyModel.m */ = {isa = PBXFileReference; fileEncoding = 4; lastKnownFileType = sourcecode.c.objc; path = MyModel.m; sourceTree = "<group>"; };
		A8C34EBD1DE82A5F00BFC4F5 /* TableViewListViewController.h */ = {isa = PBXFileReference; fileEncoding = 4; lastKnownFileType = sourcecode.c.h; path = TableViewListViewController.h; sourceTree = "<group>"; };
		A8C34EBE1DE82A5F00BFC4F5 /* TableViewListViewController.m */ = {isa = PBXFileReference; fileEncoding = 4; lastKnownFileType = sourcecode.c.objc; path = TableViewListViewController.m; sourceTree = "<group>"; };
		A8FA1DB11DEC28980008C1CB /* MenuViewController.h */ = {isa = PBXFileReference; fileEncoding = 4; lastKnownFileType = sourcecode.c.h; path = MenuViewController.h; sourceTree = "<group>"; };
		A8FA1DB21DEC28980008C1CB /* MenuViewController.m */ = {isa = PBXFileReference; fileEncoding = 4; lastKnownFileType = sourcecode.c.objc; path = MenuViewController.m; sourceTree = "<group>"; };
		A8FA1DB51DEC28B40008C1CB /* MenuModel.h */ = {isa = PBXFileReference; fileEncoding = 4; lastKnownFileType = sourcecode.c.h; path = MenuModel.h; sourceTree = "<group>"; };
		A8FA1DB61DEC28B40008C1CB /* MenuModel.m */ = {isa = PBXFileReference; fileEncoding = 4; lastKnownFileType = sourcecode.c.objc; path = MenuModel.m; sourceTree = "<group>"; };
		A8FA1DB71DEC28B40008C1CB /* MenuTableViewCell.h */ = {isa = PBXFileReference; fileEncoding = 4; lastKnownFileType = sourcecode.c.h; path = MenuTableViewCell.h; sourceTree = "<group>"; };
		A8FA1DB81DEC28B40008C1CB /* MenuTableViewCell.m */ = {isa = PBXFileReference; fileEncoding = 4; lastKnownFileType = sourcecode.c.objc; path = MenuTableViewCell.m; sourceTree = "<group>"; };
		A8FA1DB91DEC28B40008C1CB /* MenuView.h */ = {isa = PBXFileReference; fileEncoding = 4; lastKnownFileType = sourcecode.c.h; path = MenuView.h; sourceTree = "<group>"; };
		A8FA1DBA1DEC28B40008C1CB /* MenuView.m */ = {isa = PBXFileReference; fileEncoding = 4; lastKnownFileType = sourcecode.c.objc; path = MenuView.m; sourceTree = "<group>"; };
		A8FA1DBE1DEC28FD0008C1CB /* SecondViewController.h */ = {isa = PBXFileReference; fileEncoding = 4; lastKnownFileType = sourcecode.c.h; path = SecondViewController.h; sourceTree = "<group>"; };
		A8FA1DBF1DEC28FD0008C1CB /* SecondViewController.m */ = {isa = PBXFileReference; fileEncoding = 4; lastKnownFileType = sourcecode.c.objc; path = SecondViewController.m; sourceTree = "<group>"; };
/* End PBXFileReference section */

/* Begin PBXFrameworksBuildPhase section */
		A8C34E821DE7E34D00BFC4F5 /* Frameworks */ = {
			isa = PBXFrameworksBuildPhase;
			buildActionMask = 2147483647;
			files = (
			);
			runOnlyForDeploymentPostprocessing = 0;
		};
/* End PBXFrameworksBuildPhase section */

/* Begin PBXGroup section */
		A815D6981DED17F400ADFAC8 /* 5 联动 */ = {
			isa = PBXGroup;
			children = (
				A815D69C1DED18A800ADFAC8 /* LianDongTableViewController.h */,
				A815D69D1DED18A800ADFAC8 /* LianDongTableViewController.m */,
				A815D6AE1DED29F900ADFAC8 /* Tool */,
				A815D6A91DED261400ADFAC8 /* TableView */,
				A815D6AA1DED261D00ADFAC8 /* CollectionView */,
			);
			path = "5 联动";
			sourceTree = "<group>";
		};
		A815D6A91DED261400ADFAC8 /* TableView */ = {
			isa = PBXGroup;
			children = (
				A815D69F1DED230500ADFAC8 /* TableViewViewController.h */,
				A815D6A01DED230500ADFAC8 /* TableViewViewController.m */,
				A815D6AB1DED299600ADFAC8 /* CategoryModel.h */,
				A815D6AC1DED299600ADFAC8 /* CategoryModel.m */,
				A815D6B21DED30AA00ADFAC8 /* LeftTableViewCell.h */,
				A815D6B31DED30AA00ADFAC8 /* LeftTableViewCell.m */,
			);
			name = TableView;
			sourceTree = "<group>";
		};
		A815D6AA1DED261D00ADFAC8 /* CollectionView */ = {
			isa = PBXGroup;
			children = (
				A815D6A21DED230D00ADFAC8 /* CollectionViewViewController.h */,
				A815D6A31DED230D00ADFAC8 /* CollectionViewViewController.m */,
			);
			name = CollectionView;
			sourceTree = "<group>";
		};
		A815D6AE1DED29F900ADFAC8 /* Tool */ = {
			isa = PBXGroup;
			children = (
				A815D6AF1DED2A1700ADFAC8 /* NSObject+Property.h */,
				A815D6B01DED2A1700ADFAC8 /* NSObject+Property.m */,
			);
			name = Tool;
			sourceTree = "<group>";
		};
		A8C34E7C1DE7E34D00BFC4F5 = {
			isa = PBXGroup;
			children = (
				A8C34E871DE7E34D00BFC4F5 /* UITableView */,
				A8C34E861DE7E34D00BFC4F5 /* Products */,
			);
			sourceTree = "<group>";
		};
		A8C34E861DE7E34D00BFC4F5 /* Products */ = {
			isa = PBXGroup;
			children = (
				A8C34E851DE7E34D00BFC4F5 /* UITableView.app */,
			);
			name = Products;
			sourceTree = "<group>";
		};
		A8C34E871DE7E34D00BFC4F5 /* UITableView */ = {
			isa = PBXGroup;
			children = (
				A8C34E8B1DE7E34D00BFC4F5 /* AppDelegate.h */,
				A8C34E8C1DE7E34D00BFC4F5 /* AppDelegate.m */,
				A8C34E8E1DE7E34D00BFC4F5 /* ViewController.h */,
				A8C34E8F1DE7E34D00BFC4F5 /* ViewController.m */,
				A8C34E9F1DE7E47F00BFC4F5 /* 1 仿微信左滑多菜单 */,
				A8C34EAB1DE8139100BFC4F5 /* 2 个人中心头像拉伸 */,
				A8C34EB91DE8299300BFC4F5 /* 3 仿QQ列表展开收起 */,
				A8FA1DB01DEC28870008C1CB /* 4 仿QQ动态菜单 */,
				A815D6981DED17F400ADFAC8 /* 5 联动 */,
				A8C34E911DE7E34D00BFC4F5 /* Main.storyboard */,
				A8C34E941DE7E34D00BFC4F5 /* Assets.xcassets */,
				A8C34E961DE7E34D00BFC4F5 /* LaunchScreen.storyboard */,
				A8C34E991DE7E34D00BFC4F5 /* Info.plist */,
				A8C34E881DE7E34D00BFC4F5 /* Supporting Files */,
			);
			path = UITableView;
			sourceTree = "<group>";
		};
		A8C34E881DE7E34D00BFC4F5 /* Supporting Files */ = {
			isa = PBXGroup;
			children = (
				A815D6A51DED25D800ADFAC8 /* liwushuo.json */,
				A815D6A61DED25D800ADFAC8 /* meituan.json */,
				A8C34E891DE7E34D00BFC4F5 /* main.m */,
			);
			name = "Supporting Files";
			sourceTree = "<group>";
		};
		A8C34E9F1DE7E47F00BFC4F5 /* 1 仿微信左滑多菜单 */ = {
			isa = PBXGroup;
			children = (
				A8C34EA01DE7E4BC00BFC4F5 /* SwipCellViewController.h */,
				A8C34EA11DE7E4BC00BFC4F5 /* SwipCellViewController.m */,
			);
			path = "1 仿微信左滑多菜单";
			sourceTree = "<group>";
		};
		A8C34EAB1DE8139100BFC4F5 /* 2 个人中心头像拉伸 */ = {
			isa = PBXGroup;
			children = (
				A8C34EB31DE813B500BFC4F5 /* HeaderStrechViewController.h */,
				A8C34EB41DE813B500BFC4F5 /* HeaderStrechViewController.m */,
				A8C34EAC1DE8139D00BFC4F5 /* HFStretchableTableHeaderView.h */,
				A8C34EAD1DE8139D00BFC4F5 /* HFStretchableTableHeaderView.m */,
				A8C34EAE1DE8139D00BFC4F5 /* main_set_background@2x.png */,
				A8C34EAF1DE8139D00BFC4F5 /* userHead.jpg */,
			);
			path = "2 个人中心头像拉伸";
			sourceTree = "<group>";
		};
		A8C34EB91DE8299300BFC4F5 /* 3 仿QQ列表展开收起 */ = {
			isa = PBXGroup;
			children = (
				A8C34EBD1DE82A5F00BFC4F5 /* TableViewListViewController.h */,
				A8C34EBE1DE82A5F00BFC4F5 /* TableViewListViewController.m */,
				A8C34EBA1DE82A4200BFC4F5 /* MyModel.h */,
				A8C34EBB1DE82A4200BFC4F5 /* MyModel.m */,
			);
			path = "3 仿QQ列表展开收起";
			sourceTree = "<group>";
		};
		A8FA1DB01DEC28870008C1CB /* 4 仿QQ动态菜单 */ = {
			isa = PBXGroup;
			children = (
				A8FA1DB11DEC28980008C1CB /* MenuViewController.h */,
				A8FA1DB21DEC28980008C1CB /* MenuViewController.m */,
				A8FA1DBE1DEC28FD0008C1CB /* SecondViewController.h */,
				A8FA1DBF1DEC28FD0008C1CB /* SecondViewController.m */,
				A8FA1DB41DEC28B40008C1CB /* menu */,
			);
			path = "4 仿QQ动态菜单";
			sourceTree = "<group>";
		};
		A8FA1DB41DEC28B40008C1CB /* menu */ = {
			isa = PBXGroup;
			children = (
				A8FA1DB51DEC28B40008C1CB /* MenuModel.h */,
				A8FA1DB61DEC28B40008C1CB /* MenuModel.m */,
				A8FA1DB71DEC28B40008C1CB /* MenuTableViewCell.h */,
				A8FA1DB81DEC28B40008C1CB /* MenuTableViewCell.m */,
				A8FA1DB91DEC28B40008C1CB /* MenuView.h */,
				A8FA1DBA1DEC28B40008C1CB /* MenuView.m */,
			);
			path = menu;
			sourceTree = "<group>";
		};
/* End PBXGroup section */

/* Begin PBXNativeTarget section */
		A8C34E841DE7E34D00BFC4F5 /* UITableView */ = {
			isa = PBXNativeTarget;
			buildConfigurationList = A8C34E9C1DE7E34D00BFC4F5 /* Build configuration list for PBXNativeTarget "UITableView" */;
			buildPhases = (
				A8C34E811DE7E34D00BFC4F5 /* Sources */,
				A8C34E821DE7E34D00BFC4F5 /* Frameworks */,
				A8C34E831DE7E34D00BFC4F5 /* Resources */,
			);
			buildRules = (
			);
			dependencies = (
			);
			name = UITableView;
			productName = UITableView;
			productReference = A8C34E851DE7E34D00BFC4F5 /* UITableView.app */;
			productType = "com.apple.product-type.application";
		};
/* End PBXNativeTarget section */

/* Begin PBXProject section */
		A8C34E7D1DE7E34D00BFC4F5 /* Project object */ = {
			isa = PBXProject;
			attributes = {
				LastUpgradeCheck = 0810;
				ORGANIZATIONNAME = "Meng Fan";
				TargetAttributes = {
					A8C34E841DE7E34D00BFC4F5 = {
						CreatedOnToolsVersion = 8.1;
						ProvisioningStyle = Automatic;
					};
				};
			};
			buildConfigurationList = A8C34E801DE7E34D00BFC4F5 /* Build configuration list for PBXProject "UITableView" */;
			compatibilityVersion = "Xcode 3.2";
			developmentRegion = English;
			hasScannedForEncodings = 0;
			knownRegions = (
				en,
				Base,
			);
			mainGroup = A8C34E7C1DE7E34D00BFC4F5;
			productRefGroup = A8C34E861DE7E34D00BFC4F5 /* Products */;
			projectDirPath = "";
			projectRoot = "";
			targets = (
				A8C34E841DE7E34D00BFC4F5 /* UITableView */,
			);
		};
/* End PBXProject section */

/* Begin PBXResourcesBuildPhase section */
		A8C34E831DE7E34D00BFC4F5 /* Resources */ = {
			isa = PBXResourcesBuildPhase;
			buildActionMask = 2147483647;
			files = (
				A8C34E981DE7E34D00BFC4F5 /* LaunchScreen.storyboard in Resources */,
				A815D6A71DED25D800ADFAC8 /* liwushuo.json in Resources */,
				A815D6A81DED25D800ADFAC8 /* meituan.json in Resources */,
				A8C34E951DE7E34D00BFC4F5 /* Assets.xcassets in Resources */,
				A8C34EB11DE8139D00BFC4F5 /* main_set_background@2x.png in Resources */,
				A8C34E931DE7E34D00BFC4F5 /* Main.storyboard in Resources */,
				A8C34EB21DE8139D00BFC4F5 /* userHead.jpg in Resources */,
			);
			runOnlyForDeploymentPostprocessing = 0;
		};
/* End PBXResourcesBuildPhase section */

/* Begin PBXSourcesBuildPhase section */
		A8C34E811DE7E34D00BFC4F5 /* Sources */ = {
			isa = PBXSourcesBuildPhase;
			buildActionMask = 2147483647;
			files = (
				A8C34E901DE7E34D00BFC4F5 /* ViewController.m in Sources */,
				A815D6A11DED230500ADFAC8 /* TableViewViewController.m in Sources */,
				A8FA1DC01DEC28FD0008C1CB /* SecondViewController.m in Sources */,
				A8FA1DB31DEC28980008C1CB /* MenuViewController.m in Sources */,
				A815D6B11DED2A1700ADFAC8 /* NSObject+Property.m in Sources */,
				A815D69E1DED18A800ADFAC8 /* LianDongTableViewController.m in Sources */,
				A8FA1DBB1DEC28B40008C1CB /* MenuModel.m in Sources */,
				A8C34EBC1DE82A4200BFC4F5 /* MyModel.m in Sources */,
				A8C34EB01DE8139D00BFC4F5 /* HFStretchableTableHeaderView.m in Sources */,
				A8FA1DBD1DEC28B40008C1CB /* MenuView.m in Sources */,
				A815D6AD1DED299600ADFAC8 /* CategoryModel.m in Sources */,
				A8C34EA21DE7E4BC00BFC4F5 /* SwipCellViewController.m in Sources */,
				A8C34E8D1DE7E34D00BFC4F5 /* AppDelegate.m in Sources */,
				A8FA1DBC1DEC28B40008C1CB /* MenuTableViewCell.m in Sources */,
				A815D6B41DED30AA00ADFAC8 /* LeftTableViewCell.m in Sources */,
				A8C34EB51DE813B500BFC4F5 /* HeaderStrechViewController.m in Sources */,
				A8C34EBF1DE82A5F00BFC4F5 /* TableViewListViewController.m in Sources */,
				A8C34E8A1DE7E34D00BFC4F5 /* main.m in Sources */,
				A815D6A41DED230D00ADFAC8 /* CollectionViewViewController.m in Sources */,
			);
			runOnlyForDeploymentPostprocessing = 0;
		};
/* End PBXSourcesBuildPhase section */

/* Begin PBXVariantGroup section */
		A8C34E911DE7E34D00BFC4F5 /* Main.storyboard */ = {
			isa = PBXVariantGroup;
			children = (
				A8C34E921DE7E34D00BFC4F5 /* Base */,
			);
			name = Main.storyboard;
			sourceTree = "<group>";
		};
		A8C34E961DE7E34D00BFC4F5 /* LaunchScreen.storyboard */ = {
			isa = PBXVariantGroup;
			children = (
				A8C34E971DE7E34D00BFC4F5 /* Base */,
			);
			name = LaunchScreen.storyboard;
			sourceTree = "<group>";
		};
/* End PBXVariantGroup section */

/* Begin XCBuildConfiguration section */
		A8C34E9A1DE7E34D00BFC4F5 /* Debug */ = {
			isa = XCBuildConfiguration;
			buildSettings = {
				ALWAYS_SEARCH_USER_PATHS = NO;
				CLANG_ANALYZER_NONNULL = YES;
				CLANG_CXX_LANGUAGE_STANDARD = "gnu++0x";
				CLANG_CXX_LIBRARY = "libc++";
				CLANG_ENABLE_MODULES = YES;
				CLANG_ENABLE_OBJC_ARC = YES;
				CLANG_WARN_BOOL_CONVERSION = YES;
				CLANG_WARN_CONSTANT_CONVERSION = YES;
				CLANG_WARN_DIRECT_OBJC_ISA_USAGE = YES_ERROR;
				CLANG_WARN_DOCUMENTATION_COMMENTS = YES;
				CLANG_WARN_EMPTY_BODY = YES;
				CLANG_WARN_ENUM_CONVERSION = YES;
				CLANG_WARN_INFINITE_RECURSION = YES;
				CLANG_WARN_INT_CONVERSION = YES;
				CLANG_WARN_OBJC_ROOT_CLASS = YES_ERROR;
				CLANG_WARN_SUSPICIOUS_MOVES = YES;
				CLANG_WARN_UNREACHABLE_CODE = YES;
				CLANG_WARN__DUPLICATE_METHOD_MATCH = YES;
				"CODE_SIGN_IDENTITY[sdk=iphoneos*]" = "iPhone Developer";
				COPY_PHASE_STRIP = NO;
				DEBUG_INFORMATION_FORMAT = dwarf;
				ENABLE_STRICT_OBJC_MSGSEND = YES;
				ENABLE_TESTABILITY = YES;
				GCC_C_LANGUAGE_STANDARD = gnu99;
				GCC_DYNAMIC_NO_PIC = NO;
				GCC_NO_COMMON_BLOCKS = YES;
				GCC_OPTIMIZATION_LEVEL = 0;
				GCC_PREPROCESSOR_DEFINITIONS = (
					"DEBUG=1",
					"$(inherited)",
				);
				GCC_WARN_64_TO_32_BIT_CONVERSION = YES;
				GCC_WARN_ABOUT_RETURN_TYPE = YES_ERROR;
				GCC_WARN_UNDECLARED_SELECTOR = YES;
				GCC_WARN_UNINITIALIZED_AUTOS = YES_AGGRESSIVE;
				GCC_WARN_UNUSED_FUNCTION = YES;
				GCC_WARN_UNUSED_VARIABLE = YES;
				IPHONEOS_DEPLOYMENT_TARGET = 10.1;
				MTL_ENABLE_DEBUG_INFO = YES;
				ONLY_ACTIVE_ARCH = YES;
				SDKROOT = iphoneos;
			};
			name = Debug;
		};
		A8C34E9B1DE7E34D00BFC4F5 /* Release */ = {
			isa = XCBuildConfiguration;
			buildSettings = {
				ALWAYS_SEARCH_USER_PATHS = NO;
				CLANG_ANALYZER_NONNULL = YES;
				CLANG_CXX_LANGUAGE_STANDARD = "gnu++0x";
				CLANG_CXX_LIBRARY = "libc++";
				CLANG_ENABLE_MODULES = YES;
				CLANG_ENABLE_OBJC_ARC = YES;
				CLANG_WARN_BOOL_CONVERSION = YES;
				CLANG_WARN_CONSTANT_CONVERSION = YES;
				CLANG_WARN_DIRECT_OBJC_ISA_USAGE = YES_ERROR;
				CLANG_WARN_DOCUMENTATION_COMMENTS = YES;
				CLANG_WARN_EMPTY_BODY = YES;
				CLANG_WARN_ENUM_CONVERSION = YES;
				CLANG_WARN_INFINITE_RECURSION = YES;
				CLANG_WARN_INT_CONVERSION = YES;
				CLANG_WARN_OBJC_ROOT_CLASS = YES_ERROR;
				CLANG_WARN_SUSPICIOUS_MOVES = YES;
				CLANG_WARN_UNREACHABLE_CODE = YES;
				CLANG_WARN__DUPLICATE_METHOD_MATCH = YES;
				"CODE_SIGN_IDENTITY[sdk=iphoneos*]" = "iPhone Developer";
				COPY_PHASE_STRIP = NO;
				DEBUG_INFORMATION_FORMAT = "dwarf-with-dsym";
				ENABLE_NS_ASSERTIONS = NO;
				ENABLE_STRICT_OBJC_MSGSEND = YES;
				GCC_C_LANGUAGE_STANDARD = gnu99;
				GCC_NO_COMMON_BLOCKS = YES;
				GCC_WARN_64_TO_32_BIT_CONVERSION = YES;
				GCC_WARN_ABOUT_RETURN_TYPE = YES_ERROR;
				GCC_WARN_UNDECLARED_SELECTOR = YES;
				GCC_WARN_UNINITIALIZED_AUTOS = YES_AGGRESSIVE;
				GCC_WARN_UNUSED_FUNCTION = YES;
				GCC_WARN_UNUSED_VARIABLE = YES;
				IPHONEOS_DEPLOYMENT_TARGET = 10.1;
				MTL_ENABLE_DEBUG_INFO = NO;
				SDKROOT = iphoneos;
				VALIDATE_PRODUCT = YES;
			};
			name = Release;
		};
		A8C34E9D1DE7E34D00BFC4F5 /* Debug */ = {
			isa = XCBuildConfiguration;
			buildSettings = {
				ASSETCATALOG_COMPILER_APPICON_NAME = AppIcon;
				INFOPLIST_FILE = UITableView/Info.plist;
				LD_RUNPATH_SEARCH_PATHS = "$(inherited) @executable_path/Frameworks";
				PRODUCT_BUNDLE_IDENTIFIER = com.dk.UITableView;
				PRODUCT_NAME = "$(TARGET_NAME)";
			};
			name = Debug;
		};
		A8C34E9E1DE7E34D00BFC4F5 /* Release */ = {
			isa = XCBuildConfiguration;
			buildSettings = {
				ASSETCATALOG_COMPILER_APPICON_NAME = AppIcon;
				INFOPLIST_FILE = UITableView/Info.plist;
				LD_RUNPATH_SEARCH_PATHS = "$(inherited) @executable_path/Frameworks";
				PRODUCT_BUNDLE_IDENTIFIER = com.dk.UITableView;
				PRODUCT_NAME = "$(TARGET_NAME)";
			};
			name = Release;
		};
/* End XCBuildConfiguration section */

/* Begin XCConfigurationList section */
		A8C34E801DE7E34D00BFC4F5 /* Build configuration list for PBXProject "UITableView" */ = {
			isa = XCConfigurationList;
			buildConfigurations = (
				A8C34E9A1DE7E34D00BFC4F5 /* Debug */,
				A8C34E9B1DE7E34D00BFC4F5 /* Release */,
			);
			defaultConfigurationIsVisible = 0;
			defaultConfigurationName = Release;
		};
		A8C34E9C1DE7E34D00BFC4F5 /* Build configuration list for PBXNativeTarget "UITableView" */ = {
			isa = XCConfigurationList;
			buildConfigurations = (
				A8C34E9D1DE7E34D00BFC4F5 /* Debug */,
				A8C34E9E1DE7E34D00BFC4F5 /* Release */,
			);
			defaultConfigurationIsVisible = 0;
			defaultConfigurationName = Release;
		};
/* End XCConfigurationList section */
	};
	rootObject = A8C34E7D1DE7E34D00BFC4F5 /* Project object */;
}
