// !$*UTF8*$!
{
	archiveVersion = 1;
	classes = {
	};
	objectVersion = 46;
	objects = {

/* Begin PBXBuildFile section */
		8877968F1B9AE66300843E5C /* main.m in Sources */ = {isa = PBXBuildFile; fileRef = 8877968E1B9AE66300843E5C /* main.m */; };
		887796921B9AE66300843E5C /* AppDelegate.m in Sources */ = {isa = PBXBuildFile; fileRef = 887796911B9AE66300843E5C /* AppDelegate.m */; };
		887796951B9AE66300843E5C /* ViewController.m in Sources */ = {isa = PBXBuildFile; fileRef = 887796941B9AE66300843E5C /* ViewController.m */; };
		887796981B9AE66300843E5C /* Main.storyboard in Resources */ = {isa = PBXBuildFile; fileRef = 887796961B9AE66300843E5C /* Main.storyboard */; };
		8877969A1B9AE66300843E5C /* Images.xcassets in Resources */ = {isa = PBXBuildFile; fileRef = 887796991B9AE66300843E5C /* Images.xcassets */; };
		8877969D1B9AE66300843E5C /* LaunchScreen.xib in Resources */ = {isa = PBXBuildFile; fileRef = 8877969B1B9AE66300843E5C /* LaunchScreen.xib */; };
		887796A91B9AE66300843E5C /* UILabelTests.m in Sources */ = {isa = PBXBuildFile; fileRef = 887796A81B9AE66300843E5C /* UILabelTests.m */; };
		A802AB7D1DD2C3FC0008B658 /* LabelFontViewController.m in Sources */ = {isa = PBXBuildFile; fileRef = A802AB7C1DD2C3FC0008B658 /* LabelFontViewController.m */; };
		A802AB801DD2C8EA0008B658 /* LabelLineViewController.m in Sources */ = {isa = PBXBuildFile; fileRef = A802AB7F1DD2C8EA0008B658 /* LabelLineViewController.m */; };
		A802AB831DD2CDCA0008B658 /* TextColorsViewController.m in Sources */ = {isa = PBXBuildFile; fileRef = A802AB821DD2CDCA0008B658 /* TextColorsViewController.m */; };
		A802AB861DD2F88F0008B658 /* TotalViewController.m in Sources */ = {isa = PBXBuildFile; fileRef = A802AB851DD2F88F0008B658 /* TotalViewController.m */; };
		A802AB891DD2F9420008B658 /* UILabel+LabelExtension.m in Sources */ = {isa = PBXBuildFile; fileRef = A802AB881DD2F9420008B658 /* UILabel+LabelExtension.m */; };
		A80DD9CE1DDD82DB00CC3D85 /* TextSizeViewController.m in Sources */ = {isa = PBXBuildFile; fileRef = A80DD9CD1DDD82DB00CC3D85 /* TextSizeViewController.m */; };
		A88BCA891DE2F74100953E52 /* WSShiningLabel.m in Sources */ = {isa = PBXBuildFile; fileRef = A88BCA881DE2F74100953E52 /* WSShiningLabel.m */; };
		A88BCA8D1DE2FB6700953E52 /* TagViewController.m in Sources */ = {isa = PBXBuildFile; fileRef = A88BCA8C1DE2FB6700953E52 /* TagViewController.m */; };
		A88BCA931DE2FC7400953E52 /* TagView.m in Sources */ = {isa = PBXBuildFile; fileRef = A88BCA921DE2FC7400953E52 /* TagView.m */; };
		A89C23EA1DE3F05200FAB663 /* RichLabelViewController.m in Sources */ = {isa = PBXBuildFile; fileRef = A89C23E91DE3F05200FAB663 /* RichLabelViewController.m */; };
		A89C23EC1DE3F2EF00FAB663 /* smile.png in Resources */ = {isa = PBXBuildFile; fileRef = A89C23EB1DE3F2EF00FAB663 /* smile.png */; };
		A89C241D1DE3F6B500FAB663 /* NSMutableAttributedString+Extention.m in Sources */ = {isa = PBXBuildFile; fileRef = A89C23F11DE3F6B500FAB663 /* NSMutableAttributedString+Extention.m */; };
		A89C241E1DE3F6B500FAB663 /* NSString+FindFace.m in Sources */ = {isa = PBXBuildFile; fileRef = A89C23F31DE3F6B500FAB663 /* NSString+FindFace.m */; };
		A89C241F1DE3F6B500FAB663 /* Small001.png in Resources */ = {isa = PBXBuildFile; fileRef = A89C23F51DE3F6B500FAB663 /* Small001.png */; };
		A89C24201DE3F6B500FAB663 /* Small001@2x.png in Resources */ = {isa = PBXBuildFile; fileRef = A89C23F61DE3F6B500FAB663 /* Small001@2x.png */; };
		A89C24211DE3F6B500FAB663 /* Small002.png in Resources */ = {isa = PBXBuildFile; fileRef = A89C23F71DE3F6B500FAB663 /* Small002.png */; };
		A89C24221DE3F6B500FAB663 /* Small002@2x.png in Resources */ = {isa = PBXBuildFile; fileRef = A89C23F81DE3F6B500FAB663 /* Small002@2x.png */; };
		A89C24231DE3F6B500FAB663 /* Small003.png in Resources */ = {isa = PBXBuildFile; fileRef = A89C23F91DE3F6B500FAB663 /* Small003.png */; };
		A89C24241DE3F6B500FAB663 /* Small003@2x.png in Resources */ = {isa = PBXBuildFile; fileRef = A89C23FA1DE3F6B500FAB663 /* Small003@2x.png */; };
		A89C24251DE3F6B500FAB663 /* Small004.png in Resources */ = {isa = PBXBuildFile; fileRef = A89C23FB1DE3F6B500FAB663 /* Small004.png */; };
		A89C24261DE3F6B500FAB663 /* Small004@2x.png in Resources */ = {isa = PBXBuildFile; fileRef = A89C23FC1DE3F6B500FAB663 /* Small004@2x.png */; };
		A89C24271DE3F6B500FAB663 /* Small005.png in Resources */ = {isa = PBXBuildFile; fileRef = A89C23FD1DE3F6B500FAB663 /* Small005.png */; };
		A89C24281DE3F6B500FAB663 /* Small005@2x.png in Resources */ = {isa = PBXBuildFile; fileRef = A89C23FE1DE3F6B500FAB663 /* Small005@2x.png */; };
		A89C24291DE3F6B500FAB663 /* Small006.png in Resources */ = {isa = PBXBuildFile; fileRef = A89C23FF1DE3F6B500FAB663 /* Small006.png */; };
		A89C242A1DE3F6B500FAB663 /* Small006@2x.png in Resources */ = {isa = PBXBuildFile; fileRef = A89C24001DE3F6B500FAB663 /* Small006@2x.png */; };
		A89C242B1DE3F6B500FAB663 /* Small007.png in Resources */ = {isa = PBXBuildFile; fileRef = A89C24011DE3F6B500FAB663 /* Small007.png */; };
		A89C242C1DE3F6B500FAB663 /* Small007@2x.png in Resources */ = {isa = PBXBuildFile; fileRef = A89C24021DE3F6B500FAB663 /* Small007@2x.png */; };
		A89C242D1DE3F6B500FAB663 /* Small008.png in Resources */ = {isa = PBXBuildFile; fileRef = A89C24031DE3F6B500FAB663 /* Small008.png */; };
		A89C242E1DE3F6B500FAB663 /* Small008@2x.png in Resources */ = {isa = PBXBuildFile; fileRef = A89C24041DE3F6B500FAB663 /* Small008@2x.png */; };
		A89C242F1DE3F6B500FAB663 /* Small009.png in Resources */ = {isa = PBXBuildFile; fileRef = A89C24051DE3F6B500FAB663 /* Small009.png */; };
		A89C24301DE3F6B500FAB663 /* Small009@2x.png in Resources */ = {isa = PBXBuildFile; fileRef = A89C24061DE3F6B500FAB663 /* Small009@2x.png */; };
		A89C24311DE3F6B500FAB663 /* Small010.png in Resources */ = {isa = PBXBuildFile; fileRef = A89C24071DE3F6B500FAB663 /* Small010.png */; };
		A89C24321DE3F6B500FAB663 /* Small010@2x.png in Resources */ = {isa = PBXBuildFile; fileRef = A89C24081DE3F6B500FAB663 /* Small010@2x.png */; };
		A89C24331DE3F6B500FAB663 /* Small011.png in Resources */ = {isa = PBXBuildFile; fileRef = A89C24091DE3F6B500FAB663 /* Small011.png */; };
		A89C24341DE3F6B500FAB663 /* Small011@2x.png in Resources */ = {isa = PBXBuildFile; fileRef = A89C240A1DE3F6B500FAB663 /* Small011@2x.png */; };
		A89C24351DE3F6B500FAB663 /* Small012.png in Resources */ = {isa = PBXBuildFile; fileRef = A89C240B1DE3F6B500FAB663 /* Small012.png */; };
		A89C24361DE3F6B500FAB663 /* Small012@2x.png in Resources */ = {isa = PBXBuildFile; fileRef = A89C240C1DE3F6B500FAB663 /* Small012@2x.png */; };
		A89C24371DE3F6B500FAB663 /* Small013.png in Resources */ = {isa = PBXBuildFile; fileRef = A89C240D1DE3F6B500FAB663 /* Small013.png */; };
		A89C24381DE3F6B500FAB663 /* Small013@2x.png in Resources */ = {isa = PBXBuildFile; fileRef = A89C240E1DE3F6B500FAB663 /* Small013@2x.png */; };
		A89C24391DE3F6B500FAB663 /* Small014.png in Resources */ = {isa = PBXBuildFile; fileRef = A89C240F1DE3F6B500FAB663 /* Small014.png */; };
		A89C243A1DE3F6B500FAB663 /* Small014@2x.png in Resources */ = {isa = PBXBuildFile; fileRef = A89C24101DE3F6B500FAB663 /* Small014@2x.png */; };
		A89C243B1DE3F6B500FAB663 /* Small015.png in Resources */ = {isa = PBXBuildFile; fileRef = A89C24111DE3F6B500FAB663 /* Small015.png */; };
		A89C243C1DE3F6B500FAB663 /* Small015@2x.png in Resources */ = {isa = PBXBuildFile; fileRef = A89C24121DE3F6B500FAB663 /* Small015@2x.png */; };
		A89C243D1DE3F6B500FAB663 /* Small016.png in Resources */ = {isa = PBXBuildFile; fileRef = A89C24131DE3F6B500FAB663 /* Small016.png */; };
		A89C243E1DE3F6B500FAB663 /* Small016@2x.png in Resources */ = {isa = PBXBuildFile; fileRef = A89C24141DE3F6B500FAB663 /* Small016@2x.png */; };
		A89C243F1DE3F6B500FAB663 /* Small017.png in Resources */ = {isa = PBXBuildFile; fileRef = A89C24151DE3F6B500FAB663 /* Small017.png */; };
		A89C24401DE3F6B500FAB663 /* Small017@2x.png in Resources */ = {isa = PBXBuildFile; fileRef = A89C24161DE3F6B500FAB663 /* Small017@2x.png */; };
		A89C24411DE3F6B500FAB663 /* Small018.png in Resources */ = {isa = PBXBuildFile; fileRef = A89C24171DE3F6B500FAB663 /* Small018.png */; };
		A89C24421DE3F6B500FAB663 /* Small018@2x.png in Resources */ = {isa = PBXBuildFile; fileRef = A89C24181DE3F6B500FAB663 /* Small018@2x.png */; };
		A89C24431DE3F6B500FAB663 /* Small019.png in Resources */ = {isa = PBXBuildFile; fileRef = A89C24191DE3F6B500FAB663 /* Small019.png */; };
		A89C24441DE3F6B500FAB663 /* Small019@2x.png in Resources */ = {isa = PBXBuildFile; fileRef = A89C241A1DE3F6B500FAB663 /* Small019@2x.png */; };
		A89C24451DE3F6B500FAB663 /* Small020.png in Resources */ = {isa = PBXBuildFile; fileRef = A89C241B1DE3F6B500FAB663 /* Small020.png */; };
		A89C24461DE3F6B500FAB663 /* Small020@2x.png in Resources */ = {isa = PBXBuildFile; fileRef = A89C241C1DE3F6B500FAB663 /* Small020@2x.png */; };
		A8B3BB6C1DD30EFE007F2481 /* TextFontViewController.m in Sources */ = {isa = PBXBuildFile; fileRef = A8B3BB6B1DD30EFE007F2481 /* TextFontViewController.m */; };
/* End PBXBuildFile section */

/* Begin PBXContainerItemProxy section */
		887796A31B9AE66300843E5C /* PBXContainerItemProxy */ = {
			isa = PBXContainerItemProxy;
			containerPortal = 887796811B9AE66300843E5C /* Project object */;
			proxyType = 1;
			remoteGlobalIDString = 887796881B9AE66300843E5C;
			remoteInfo = UILabel;
		};
/* End PBXContainerItemProxy section */

/* Begin PBXFileReference section */
		887796891B9AE66300843E5C /* UILabel.app */ = {isa = PBXFileReference; explicitFileType = wrapper.application; includeInIndex = 0; path = UILabel.app; sourceTree = BUILT_PRODUCTS_DIR; };
		8877968D1B9AE66300843E5C /* Info.plist */ = {isa = PBXFileReference; lastKnownFileType = text.plist.xml; path = Info.plist; sourceTree = "<group>"; };
		8877968E1B9AE66300843E5C /* main.m */ = {isa = PBXFileReference; lastKnownFileType = sourcecode.c.objc; path = main.m; sourceTree = "<group>"; };
		887796901B9AE66300843E5C /* AppDelegate.h */ = {isa = PBXFileReference; lastKnownFileType = sourcecode.c.h; path = AppDelegate.h; sourceTree = "<group>"; };
		887796911B9AE66300843E5C /* AppDelegate.m */ = {isa = PBXFileReference; lastKnownFileType = sourcecode.c.objc; path = AppDelegate.m; sourceTree = "<group>"; };
		887796931B9AE66300843E5C /* ViewController.h */ = {isa = PBXFileReference; lastKnownFileType = sourcecode.c.h; path = ViewController.h; sourceTree = "<group>"; };
		887796941B9AE66300843E5C /* ViewController.m */ = {isa = PBXFileReference; lastKnownFileType = sourcecode.c.objc; path = ViewController.m; sourceTree = "<group>"; };
		887796971B9AE66300843E5C /* Base */ = {isa = PBXFileReference; lastKnownFileType = file.storyboard; name = Base; path = Base.lproj/Main.storyboard; sourceTree = "<group>"; };
		887796991B9AE66300843E5C /* Images.xcassets */ = {isa = PBXFileReference; lastKnownFileType = folder.assetcatalog; path = Images.xcassets; sourceTree = "<group>"; };
		8877969C1B9AE66300843E5C /* Base */ = {isa = PBXFileReference; lastKnownFileType = file.xib; name = Base; path = Base.lproj/LaunchScreen.xib; sourceTree = "<group>"; };
		887796A21B9AE66300843E5C /* UILabelTests.xctest */ = {isa = PBXFileReference; explicitFileType = wrapper.cfbundle; includeInIndex = 0; path = UILabelTests.xctest; sourceTree = BUILT_PRODUCTS_DIR; };
		887796A71B9AE66300843E5C /* Info.plist */ = {isa = PBXFileReference; lastKnownFileType = text.plist.xml; path = Info.plist; sourceTree = "<group>"; };
		887796A81B9AE66300843E5C /* UILabelTests.m */ = {isa = PBXFileReference; lastKnownFileType = sourcecode.c.objc; path = UILabelTests.m; sourceTree = "<group>"; };
		A802AB7B1DD2C3FC0008B658 /* LabelFontViewController.h */ = {isa = PBXFileReference; fileEncoding = 4; lastKnownFileType = sourcecode.c.h; path = LabelFontViewController.h; sourceTree = "<group>"; };
		A802AB7C1DD2C3FC0008B658 /* LabelFontViewController.m */ = {isa = PBXFileReference; fileEncoding = 4; lastKnownFileType = sourcecode.c.objc; path = LabelFontViewController.m; sourceTree = "<group>"; };
		A802AB7E1DD2C8EA0008B658 /* LabelLineViewController.h */ = {isa = PBXFileReference; fileEncoding = 4; lastKnownFileType = sourcecode.c.h; path = LabelLineViewController.h; sourceTree = "<group>"; };
		A802AB7F1DD2C8EA0008B658 /* LabelLineViewController.m */ = {isa = PBXFileReference; fileEncoding = 4; lastKnownFileType = sourcecode.c.objc; path = LabelLineViewController.m; sourceTree = "<group>"; };
		A802AB811DD2CDCA0008B658 /* TextColorsViewController.h */ = {isa = PBXFileReference; fileEncoding = 4; lastKnownFileType = sourcecode.c.h; path = TextColorsViewController.h; sourceTree = "<group>"; };
		A802AB821DD2CDCA0008B658 /* TextColorsViewController.m */ = {isa = PBXFileReference; fileEncoding = 4; lastKnownFileType = sourcecode.c.objc; path = TextColorsViewController.m; sourceTree = "<group>"; };
		A802AB841DD2F88F0008B658 /* TotalViewController.h */ = {isa = PBXFileReference; fileEncoding = 4; lastKnownFileType = sourcecode.c.h; path = TotalViewController.h; sourceTree = "<group>"; };
		A802AB851DD2F88F0008B658 /* TotalViewController.m */ = {isa = PBXFileReference; fileEncoding = 4; lastKnownFileType = sourcecode.c.objc; path = TotalViewController.m; sourceTree = "<group>"; };
		A802AB871DD2F9420008B658 /* UILabel+LabelExtension.h */ = {isa = PBXFileReference; fileEncoding = 4; lastKnownFileType = sourcecode.c.h; path = "UILabel+LabelExtension.h"; sourceTree = "<group>"; };
		A802AB881DD2F9420008B658 /* UILabel+LabelExtension.m */ = {isa = PBXFileReference; fileEncoding = 4; lastKnownFileType = sourcecode.c.objc; path = "UILabel+LabelExtension.m"; sourceTree = "<group>"; };
		A80DD9CC1DDD82DB00CC3D85 /* TextSizeViewController.h */ = {isa = PBXFileReference; fileEncoding = 4; lastKnownFileType = sourcecode.c.h; path = TextSizeViewController.h; sourceTree = "<group>"; };
		A80DD9CD1DDD82DB00CC3D85 /* TextSizeViewController.m */ = {isa = PBXFileReference; fileEncoding = 4; lastKnownFileType = sourcecode.c.objc; path = TextSizeViewController.m; sourceTree = "<group>"; };
		A88BCA871DE2F74100953E52 /* WSShiningLabel.h */ = {isa = PBXFileReference; fileEncoding = 4; lastKnownFileType = sourcecode.c.h; path = WSShiningLabel.h; sourceTree = "<group>"; };
		A88BCA881DE2F74100953E52 /* WSShiningLabel.m */ = {isa = PBXFileReference; fileEncoding = 4; lastKnownFileType = sourcecode.c.objc; path = WSShiningLabel.m; sourceTree = "<group>"; };
		A88BCA8B1DE2FB6700953E52 /* TagViewController.h */ = {isa = PBXFileReference; fileEncoding = 4; lastKnownFileType = sourcecode.c.h; path = TagViewController.h; sourceTree = "<group>"; };
		A88BCA8C1DE2FB6700953E52 /* TagViewController.m */ = {isa = PBXFileReference; fileEncoding = 4; lastKnownFileType = sourcecode.c.objc; path = TagViewController.m; sourceTree = "<group>"; };
		A88BCA911DE2FC7400953E52 /* TagView.h */ = {isa = PBXFileReference; fileEncoding = 4; lastKnownFileType = sourcecode.c.h; path = TagView.h; sourceTree = "<group>"; };
		A88BCA921DE2FC7400953E52 /* TagView.m */ = {isa = PBXFileReference; fileEncoding = 4; lastKnownFileType = sourcecode.c.objc; path = TagView.m; sourceTree = "<group>"; };
		A89C23E81DE3F05200FAB663 /* RichLabelViewController.h */ = {isa = PBXFileReference; fileEncoding = 4; lastKnownFileType = sourcecode.c.h; path = RichLabelViewController.h; sourceTree = "<group>"; };
		A89C23E91DE3F05200FAB663 /* RichLabelViewController.m */ = {isa = PBXFileReference; fileEncoding = 4; lastKnownFileType = sourcecode.c.objc; path = RichLabelViewController.m; sourceTree = "<group>"; };
		A89C23EB1DE3F2EF00FAB663 /* smile.png */ = {isa = PBXFileReference; lastKnownFileType = image.png; path = smile.png; sourceTree = "<group>"; };
		A89C23EF1DE3F6B500FAB663 /* Define.h */ = {isa = PBXFileReference; fileEncoding = 4; lastKnownFileType = sourcecode.c.h; path = Define.h; sourceTree = "<group>"; };
		A89C23F01DE3F6B500FAB663 /* NSMutableAttributedString+Extention.h */ = {isa = PBXFileReference; fileEncoding = 4; lastKnownFileType = sourcecode.c.h; path = "NSMutableAttributedString+Extention.h"; sourceTree = "<group>"; };
		A89C23F11DE3F6B500FAB663 /* NSMutableAttributedString+Extention.m */ = {isa = PBXFileReference; fileEncoding = 4; lastKnownFileType = sourcecode.c.objc; path = "NSMutableAttributedString+Extention.m"; sourceTree = "<group>"; };
		A89C23F21DE3F6B500FAB663 /* NSString+FindFace.h */ = {isa = PBXFileReference; fileEncoding = 4; lastKnownFileType = sourcecode.c.h; path = "NSString+FindFace.h"; sourceTree = "<group>"; };
		A89C23F31DE3F6B500FAB663 /* NSString+FindFace.m */ = {isa = PBXFileReference; fileEncoding = 4; lastKnownFileType = sourcecode.c.objc; path = "NSString+FindFace.m"; sourceTree = "<group>"; };
		A89C23F51DE3F6B500FAB663 /* Small001.png */ = {isa = PBXFileReference; lastKnownFileType = image.png; path = Small001.png; sourceTree = "<group>"; };
		A89C23F61DE3F6B500FAB663 /* Small001@2x.png */ = {isa = PBXFileReference; lastKnownFileType = image.png; path = "Small001@2x.png"; sourceTree = "<group>"; };
		A89C23F71DE3F6B500FAB663 /* Small002.png */ = {isa = PBXFileReference; lastKnownFileType = image.png; path = Small002.png; sourceTree = "<group>"; };
		A89C23F81DE3F6B500FAB663 /* Small002@2x.png */ = {isa = PBXFileReference; lastKnownFileType = image.png; path = "Small002@2x.png"; sourceTree = "<group>"; };
		A89C23F91DE3F6B500FAB663 /* Small003.png */ = {isa = PBXFileReference; lastKnownFileType = image.png; path = Small003.png; sourceTree = "<group>"; };
		A89C23FA1DE3F6B500FAB663 /* Small003@2x.png */ = {isa = PBXFileReference; lastKnownFileType = image.png; path = "Small003@2x.png"; sourceTree = "<group>"; };
		A89C23FB1DE3F6B500FAB663 /* Small004.png */ = {isa = PBXFileReference; lastKnownFileType = image.png; path = Small004.png; sourceTree = "<group>"; };
		A89C23FC1DE3F6B500FAB663 /* Small004@2x.png */ = {isa = PBXFileReference; lastKnownFileType = image.png; path = "Small004@2x.png"; sourceTree = "<group>"; };
		A89C23FD1DE3F6B500FAB663 /* Small005.png */ = {isa = PBXFileReference; lastKnownFileType = image.png; path = Small005.png; sourceTree = "<group>"; };
		A89C23FE1DE3F6B500FAB663 /* Small005@2x.png */ = {isa = PBXFileReference; lastKnownFileType = image.png; path = "Small005@2x.png"; sourceTree = "<group>"; };
		A89C23FF1DE3F6B500FAB663 /* Small006.png */ = {isa = PBXFileReference; lastKnownFileType = image.png; path = Small006.png; sourceTree = "<group>"; };
		A89C24001DE3F6B500FAB663 /* Small006@2x.png */ = {isa = PBXFileReference; lastKnownFileType = image.png; path = "Small006@2x.png"; sourceTree = "<group>"; };
		A89C24011DE3F6B500FAB663 /* Small007.png */ = {isa = PBXFileReference; lastKnownFileType = image.png; path = Small007.png; sourceTree = "<group>"; };
		A89C24021DE3F6B500FAB663 /* Small007@2x.png */ = {isa = PBXFileReference; lastKnownFileType = image.png; path = "Small007@2x.png"; sourceTree = "<group>"; };
		A89C24031DE3F6B500FAB663 /* Small008.png */ = {isa = PBXFileReference; lastKnownFileType = image.png; path = Small008.png; sourceTree = "<group>"; };
		A89C24041DE3F6B500FAB663 /* Small008@2x.png */ = {isa = PBXFileReference; lastKnownFileType = image.png; path = "Small008@2x.png"; sourceTree = "<group>"; };
		A89C24051DE3F6B500FAB663 /* Small009.png */ = {isa = PBXFileReference; lastKnownFileType = image.png; path = Small009.png; sourceTree = "<group>"; };
		A89C24061DE3F6B500FAB663 /* Small009@2x.png */ = {isa = PBXFileReference; lastKnownFileType = image.png; path = "Small009@2x.png"; sourceTree = "<group>"; };
		A89C24071DE3F6B500FAB663 /* Small010.png */ = {isa = PBXFileReference; lastKnownFileType = image.png; path = Small010.png; sourceTree = "<group>"; };
		A89C24081DE3F6B500FAB663 /* Small010@2x.png */ = {isa = PBXFileReference; lastKnownFileType = image.png; path = "Small010@2x.png"; sourceTree = "<group>"; };
		A89C24091DE3F6B500FAB663 /* Small011.png */ = {isa = PBXFileReference; lastKnownFileType = image.png; path = Small011.png; sourceTree = "<group>"; };
		A89C240A1DE3F6B500FAB663 /* Small011@2x.png */ = {isa = PBXFileReference; lastKnownFileType = image.png; path = "Small011@2x.png"; sourceTree = "<group>"; };
		A89C240B1DE3F6B500FAB663 /* Small012.png */ = {isa = PBXFileReference; lastKnownFileType = image.png; path = Small012.png; sourceTree = "<group>"; };
		A89C240C1DE3F6B500FAB663 /* Small012@2x.png */ = {isa = PBXFileReference; lastKnownFileType = image.png; path = "Small012@2x.png"; sourceTree = "<group>"; };
		A89C240D1DE3F6B500FAB663 /* Small013.png */ = {isa = PBXFileReference; lastKnownFileType = image.png; path = Small013.png; sourceTree = "<group>"; };
		A89C240E1DE3F6B500FAB663 /* Small013@2x.png */ = {isa = PBXFileReference; lastKnownFileType = image.png; path = "Small013@2x.png"; sourceTree = "<group>"; };
		A89C240F1DE3F6B500FAB663 /* Small014.png */ = {isa = PBXFileReference; lastKnownFileType = image.png; path = Small014.png; sourceTree = "<group>"; };
		A89C24101DE3F6B500FAB663 /* Small014@2x.png */ = {isa = PBXFileReference; lastKnownFileType = image.png; path = "Small014@2x.png"; sourceTree = "<group>"; };
		A89C24111DE3F6B500FAB663 /* Small015.png */ = {isa = PBXFileReference; lastKnownFileType = image.png; path = Small015.png; sourceTree = "<group>"; };
		A89C24121DE3F6B500FAB663 /* Small015@2x.png */ = {isa = PBXFileReference; lastKnownFileType = image.png; path = "Small015@2x.png"; sourceTree = "<group>"; };
		A89C24131DE3F6B500FAB663 /* Small016.png */ = {isa = PBXFileReference; lastKnownFileType = image.png; path = Small016.png; sourceTree = "<group>"; };
		A89C24141DE3F6B500FAB663 /* Small016@2x.png */ = {isa = PBXFileReference; lastKnownFileType = image.png; path = "Small016@2x.png"; sourceTree = "<group>"; };
		A89C24151DE3F6B500FAB663 /* Small017.png */ = {isa = PBXFileReference; lastKnownFileType = image.png; path = Small017.png; sourceTree = "<group>"; };
		A89C24161DE3F6B500FAB663 /* Small017@2x.png */ = {isa = PBXFileReference; lastKnownFileType = image.png; path = "Small017@2x.png"; sourceTree = "<group>"; };
		A89C24171DE3F6B500FAB663 /* Small018.png */ = {isa = PBXFileReference; lastKnownFileType = image.png; path = Small018.png; sourceTree = "<group>"; };
		A89C24181DE3F6B500FAB663 /* Small018@2x.png */ = {isa = PBXFileReference; lastKnownFileType = image.png; path = "Small018@2x.png"; sourceTree = "<group>"; };
		A89C24191DE3F6B500FAB663 /* Small019.png */ = {isa = PBXFileReference; lastKnownFileType = image.png; path = Small019.png; sourceTree = "<group>"; };
		A89C241A1DE3F6B500FAB663 /* Small019@2x.png */ = {isa = PBXFileReference; lastKnownFileType = image.png; path = "Small019@2x.png"; sourceTree = "<group>"; };
		A89C241B1DE3F6B500FAB663 /* Small020.png */ = {isa = PBXFileReference; lastKnownFileType = image.png; path = Small020.png; sourceTree = "<group>"; };
		A89C241C1DE3F6B500FAB663 /* Small020@2x.png */ = {isa = PBXFileReference; lastKnownFileType = image.png; path = "Small020@2x.png"; sourceTree = "<group>"; };
		A8B3BB6A1DD30EFE007F2481 /* TextFontViewController.h */ = {isa = PBXFileReference; fileEncoding = 4; lastKnownFileType = sourcecode.c.h; path = TextFontViewController.h; sourceTree = "<group>"; };
		A8B3BB6B1DD30EFE007F2481 /* TextFontViewController.m */ = {isa = PBXFileReference; fileEncoding = 4; lastKnownFileType = sourcecode.c.objc; path = TextFontViewController.m; sourceTree = "<group>"; };
/* End PBXFileReference section */

/* Begin PBXFrameworksBuildPhase section */
		887796861B9AE66300843E5C /* Frameworks */ = {
			isa = PBXFrameworksBuildPhase;
			buildActionMask = 2147483647;
			files = (
			);
			runOnlyForDeploymentPostprocessing = 0;
		};
		8877969F1B9AE66300843E5C /* Frameworks */ = {
			isa = PBXFrameworksBuildPhase;
			buildActionMask = 2147483647;
			files = (
			);
			runOnlyForDeploymentPostprocessing = 0;
		};
/* End PBXFrameworksBuildPhase section */

/* Begin PBXGroup section */
		887796801B9AE66300843E5C = {
			isa = PBXGroup;
			children = (
				8877968B1B9AE66300843E5C /* UILabel */,
				887796A51B9AE66300843E5C /* UILabelTests */,
				8877968A1B9AE66300843E5C /* Products */,
			);
			sourceTree = "<group>";
		};
		8877968A1B9AE66300843E5C /* Products */ = {
			isa = PBXGroup;
			children = (
				887796891B9AE66300843E5C /* UILabel.app */,
				887796A21B9AE66300843E5C /* UILabelTests.xctest */,
			);
			name = Products;
			sourceTree = "<group>";
		};
		8877968B1B9AE66300843E5C /* UILabel */ = {
			isa = PBXGroup;
			children = (
				887796901B9AE66300843E5C /* AppDelegate.h */,
				887796911B9AE66300843E5C /* AppDelegate.m */,
				887796931B9AE66300843E5C /* ViewController.h */,
				887796941B9AE66300843E5C /* ViewController.m */,
				A80DD9C61DDD632300CC3D85 /* 0 行距和字体 */,
				A80DD9C71DDD634B00CC3D85 /* 1 获取宽高size */,
				A80DD9C91DDD639400CC3D85 /* 2 字体中划线 */,
				A80DD9C81DDD636A00CC3D85 /* 3 字体多颜色 */,
				A80DD9CA1DDD63C400CC3D85 /* 4 字体多大小 */,
				A80DD9CB1DDD63E000CC3D85 /* 5 类目总结 */,
				A88BCA8A1DE2FB4400953E52 /* 6 标签 */,
				A89C23E71DE3F02400FAB663 /* 7 图文混排 */,
				887796961B9AE66300843E5C /* Main.storyboard */,
				887796991B9AE66300843E5C /* Images.xcassets */,
				8877969B1B9AE66300843E5C /* LaunchScreen.xib */,
				8877968C1B9AE66300843E5C /* Supporting Files */,
			);
			path = UILabel;
			sourceTree = "<group>";
		};
		8877968C1B9AE66300843E5C /* Supporting Files */ = {
			isa = PBXGroup;
			children = (
				8877968D1B9AE66300843E5C /* Info.plist */,
				8877968E1B9AE66300843E5C /* main.m */,
			);
			name = "Supporting Files";
			sourceTree = "<group>";
		};
		887796A51B9AE66300843E5C /* UILabelTests */ = {
			isa = PBXGroup;
			children = (
				887796A81B9AE66300843E5C /* UILabelTests.m */,
				887796A61B9AE66300843E5C /* Supporting Files */,
			);
			path = UILabelTests;
			sourceTree = "<group>";
		};
		887796A61B9AE66300843E5C /* Supporting Files */ = {
			isa = PBXGroup;
			children = (
				887796A71B9AE66300843E5C /* Info.plist */,
			);
			name = "Supporting Files";
			sourceTree = "<group>";
		};
		A80DD9C61DDD632300CC3D85 /* 0 行距和字体 */ = {
			isa = PBXGroup;
			children = (
				A802AB7B1DD2C3FC0008B658 /* LabelFontViewController.h */,
				A802AB7C1DD2C3FC0008B658 /* LabelFontViewController.m */,
			);
			name = "0 行距和字体";
			sourceTree = "<group>";
		};
		A80DD9C71DDD634B00CC3D85 /* 1 获取宽高size */ = {
			isa = PBXGroup;
			children = (
				A80DD9CC1DDD82DB00CC3D85 /* TextSizeViewController.h */,
				A80DD9CD1DDD82DB00CC3D85 /* TextSizeViewController.m */,
			);
			name = "1 获取宽高size";
			sourceTree = "<group>";
		};
		A80DD9C81DDD636A00CC3D85 /* 3 字体多颜色 */ = {
			isa = PBXGroup;
			children = (
				A802AB811DD2CDCA0008B658 /* TextColorsViewController.h */,
				A802AB821DD2CDCA0008B658 /* TextColorsViewController.m */,
				A88BCA871DE2F74100953E52 /* WSShiningLabel.h */,
				A88BCA881DE2F74100953E52 /* WSShiningLabel.m */,
			);
			name = "3 字体多颜色";
			sourceTree = "<group>";
		};
		A80DD9C91DDD639400CC3D85 /* 2 字体中划线 */ = {
			isa = PBXGroup;
			children = (
				A802AB7E1DD2C8EA0008B658 /* LabelLineViewController.h */,
				A802AB7F1DD2C8EA0008B658 /* LabelLineViewController.m */,
			);
			name = "2 字体中划线";
			sourceTree = "<group>";
		};
		A80DD9CA1DDD63C400CC3D85 /* 4 字体多大小 */ = {
			isa = PBXGroup;
			children = (
				A8B3BB6A1DD30EFE007F2481 /* TextFontViewController.h */,
				A8B3BB6B1DD30EFE007F2481 /* TextFontViewController.m */,
			);
			name = "4 字体多大小";
			sourceTree = "<group>";
		};
		A80DD9CB1DDD63E000CC3D85 /* 5 类目总结 */ = {
			isa = PBXGroup;
			children = (
				A802AB841DD2F88F0008B658 /* TotalViewController.h */,
				A802AB851DD2F88F0008B658 /* TotalViewController.m */,
				A802AB871DD2F9420008B658 /* UILabel+LabelExtension.h */,
				A802AB881DD2F9420008B658 /* UILabel+LabelExtension.m */,
			);
			name = "5 类目总结";
			sourceTree = "<group>";
		};
		A88BCA8A1DE2FB4400953E52 /* 6 标签 */ = {
			isa = PBXGroup;
			children = (
				A88BCA8B1DE2FB6700953E52 /* TagViewController.h */,
				A88BCA8C1DE2FB6700953E52 /* TagViewController.m */,
				A88BCA911DE2FC7400953E52 /* TagView.h */,
				A88BCA921DE2FC7400953E52 /* TagView.m */,
			);
			name = "6 标签";
			sourceTree = "<group>";
		};
		A89C23E71DE3F02400FAB663 /* 7 图文混排 */ = {
			isa = PBXGroup;
			children = (
				A89C23E81DE3F05200FAB663 /* RichLabelViewController.h */,
				A89C23E91DE3F05200FAB663 /* RichLabelViewController.m */,
				A89C23EB1DE3F2EF00FAB663 /* smile.png */,
				A89C23ED1DE3F6B500FAB663 /* ImagesAndText */,
			);
			name = "7 图文混排";
			sourceTree = "<group>";
		};
		A89C23ED1DE3F6B500FAB663 /* ImagesAndText */ = {
			isa = PBXGroup;
			children = (
				A89C23EE1DE3F6B500FAB663 /* LYCoreLabel */,
				A89C23F41DE3F6B500FAB663 /* SmallFaceImage */,
			);
			path = ImagesAndText;
			sourceTree = "<group>";
		};
		A89C23EE1DE3F6B500FAB663 /* LYCoreLabel */ = {
			isa = PBXGroup;
			children = (
				A89C23EF1DE3F6B500FAB663 /* Define.h */,
				A89C23F01DE3F6B500FAB663 /* NSMutableAttributedString+Extention.h */,
				A89C23F11DE3F6B500FAB663 /* NSMutableAttributedString+Extention.m */,
				A89C23F21DE3F6B500FAB663 /* NSString+FindFace.h */,
				A89C23F31DE3F6B500FAB663 /* NSString+FindFace.m */,
			);
			path = LYCoreLabel;
			sourceTree = "<group>";
		};
		A89C23F41DE3F6B500FAB663 /* SmallFaceImage */ = {
			isa = PBXGroup;
			children = (
				A89C23F51DE3F6B500FAB663 /* Small001.png */,
				A89C23F61DE3F6B500FAB663 /* Small001@2x.png */,
				A89C23F71DE3F6B500FAB663 /* Small002.png */,
				A89C23F81DE3F6B500FAB663 /* Small002@2x.png */,
				A89C23F91DE3F6B500FAB663 /* Small003.png */,
				A89C23FA1DE3F6B500FAB663 /* Small003@2x.png */,
				A89C23FB1DE3F6B500FAB663 /* Small004.png */,
				A89C23FC1DE3F6B500FAB663 /* Small004@2x.png */,
				A89C23FD1DE3F6B500FAB663 /* Small005.png */,
				A89C23FE1DE3F6B500FAB663 /* Small005@2x.png */,
				A89C23FF1DE3F6B500FAB663 /* Small006.png */,
				A89C24001DE3F6B500FAB663 /* Small006@2x.png */,
				A89C24011DE3F6B500FAB663 /* Small007.png */,
				A89C24021DE3F6B500FAB663 /* Small007@2x.png */,
				A89C24031DE3F6B500FAB663 /* Small008.png */,
				A89C24041DE3F6B500FAB663 /* Small008@2x.png */,
				A89C24051DE3F6B500FAB663 /* Small009.png */,
				A89C24061DE3F6B500FAB663 /* Small009@2x.png */,
				A89C24071DE3F6B500FAB663 /* Small010.png */,
				A89C24081DE3F6B500FAB663 /* Small010@2x.png */,
				A89C24091DE3F6B500FAB663 /* Small011.png */,
				A89C240A1DE3F6B500FAB663 /* Small011@2x.png */,
				A89C240B1DE3F6B500FAB663 /* Small012.png */,
				A89C240C1DE3F6B500FAB663 /* Small012@2x.png */,
				A89C240D1DE3F6B500FAB663 /* Small013.png */,
				A89C240E1DE3F6B500FAB663 /* Small013@2x.png */,
				A89C240F1DE3F6B500FAB663 /* Small014.png */,
				A89C24101DE3F6B500FAB663 /* Small014@2x.png */,
				A89C24111DE3F6B500FAB663 /* Small015.png */,
				A89C24121DE3F6B500FAB663 /* Small015@2x.png */,
				A89C24131DE3F6B500FAB663 /* Small016.png */,
				A89C24141DE3F6B500FAB663 /* Small016@2x.png */,
				A89C24151DE3F6B500FAB663 /* Small017.png */,
				A89C24161DE3F6B500FAB663 /* Small017@2x.png */,
				A89C24171DE3F6B500FAB663 /* Small018.png */,
				A89C24181DE3F6B500FAB663 /* Small018@2x.png */,
				A89C24191DE3F6B500FAB663 /* Small019.png */,
				A89C241A1DE3F6B500FAB663 /* Small019@2x.png */,
				A89C241B1DE3F6B500FAB663 /* Small020.png */,
				A89C241C1DE3F6B500FAB663 /* Small020@2x.png */,
			);
			path = SmallFaceImage;
			sourceTree = "<group>";
		};
/* End PBXGroup section */

/* Begin PBXNativeTarget section */
		887796881B9AE66300843E5C /* UILabel */ = {
			isa = PBXNativeTarget;
			buildConfigurationList = 887796AC1B9AE66300843E5C /* Build configuration list for PBXNativeTarget "UILabel" */;
			buildPhases = (
				887796851B9AE66300843E5C /* Sources */,
				887796861B9AE66300843E5C /* Frameworks */,
				887796871B9AE66300843E5C /* Resources */,
			);
			buildRules = (
			);
			dependencies = (
			);
			name = UILabel;
			productName = UILabel;
			productReference = 887796891B9AE66300843E5C /* UILabel.app */;
			productType = "com.apple.product-type.application";
		};
		887796A11B9AE66300843E5C /* UILabelTests */ = {
			isa = PBXNativeTarget;
			buildConfigurationList = 887796AF1B9AE66300843E5C /* Build configuration list for PBXNativeTarget "UILabelTests" */;
			buildPhases = (
				8877969E1B9AE66300843E5C /* Sources */,
				8877969F1B9AE66300843E5C /* Frameworks */,
				887796A01B9AE66300843E5C /* Resources */,
			);
			buildRules = (
			);
			dependencies = (
				887796A41B9AE66300843E5C /* PBXTargetDependency */,
			);
			name = UILabelTests;
			productName = UILabelTests;
			productReference = 887796A21B9AE66300843E5C /* UILabelTests.xctest */;
			productType = "com.apple.product-type.bundle.unit-test";
		};
/* End PBXNativeTarget section */

/* Begin PBXProject section */
		887796811B9AE66300843E5C /* Project object */ = {
			isa = PBXProject;
			attributes = {
				LastUpgradeCheck = 0620;
				ORGANIZATIONNAME = imac;
				TargetAttributes = {
					887796881B9AE66300843E5C = {
						CreatedOnToolsVersion = 6.2;
					};
					887796A11B9AE66300843E5C = {
						CreatedOnToolsVersion = 6.2;
						TestTargetID = 887796881B9AE66300843E5C;
					};
				};
			};
			buildConfigurationList = 887796841B9AE66300843E5C /* Build configuration list for PBXProject "UILabel" */;
			compatibilityVersion = "Xcode 3.2";
			developmentRegion = English;
			hasScannedForEncodings = 0;
			knownRegions = (
				en,
				Base,
			);
			mainGroup = 887796801B9AE66300843E5C;
			productRefGroup = 8877968A1B9AE66300843E5C /* Products */;
			projectDirPath = "";
			projectRoot = "";
			targets = (
				887796881B9AE66300843E5C /* UILabel */,
				887796A11B9AE66300843E5C /* UILabelTests */,
			);
		};
/* End PBXProject section */

/* Begin PBXResourcesBuildPhase section */
		887796871B9AE66300843E5C /* Resources */ = {
			isa = PBXResourcesBuildPhase;
			buildActionMask = 2147483647;
			files = (
				A89C243D1DE3F6B500FAB663 /* Small016.png in Resources */,
				A89C24331DE3F6B500FAB663 /* Small011.png in Resources */,
				A89C24411DE3F6B500FAB663 /* Small018.png in Resources */,
				A89C243F1DE3F6B500FAB663 /* Small017.png in Resources */,
				A89C242C1DE3F6B500FAB663 /* Small007@2x.png in Resources */,
				A89C243B1DE3F6B500FAB663 /* Small015.png in Resources */,
				A89C24401DE3F6B500FAB663 /* Small017@2x.png in Resources */,
				A89C24241DE3F6B500FAB663 /* Small003@2x.png in Resources */,
				A89C24201DE3F6B500FAB663 /* Small001@2x.png in Resources */,
				A89C24441DE3F6B500FAB663 /* Small019@2x.png in Resources */,
				A89C24431DE3F6B500FAB663 /* Small019.png in Resources */,
				A89C24361DE3F6B500FAB663 /* Small012@2x.png in Resources */,
				A89C24271DE3F6B500FAB663 /* Small005.png in Resources */,
				A89C24451DE3F6B500FAB663 /* Small020.png in Resources */,
				A89C24211DE3F6B500FAB663 /* Small002.png in Resources */,
				A89C24381DE3F6B500FAB663 /* Small013@2x.png in Resources */,
				A89C242E1DE3F6B500FAB663 /* Small008@2x.png in Resources */,
				A89C241F1DE3F6B500FAB663 /* Small001.png in Resources */,
				A89C24291DE3F6B500FAB663 /* Small006.png in Resources */,
				A89C24341DE3F6B500FAB663 /* Small011@2x.png in Resources */,
				A89C242F1DE3F6B500FAB663 /* Small009.png in Resources */,
				A89C24391DE3F6B500FAB663 /* Small014.png in Resources */,
				A89C243E1DE3F6B500FAB663 /* Small016@2x.png in Resources */,
				887796981B9AE66300843E5C /* Main.storyboard in Resources */,
				A89C24251DE3F6B500FAB663 /* Small004.png in Resources */,
				A89C24421DE3F6B500FAB663 /* Small018@2x.png in Resources */,
				8877969D1B9AE66300843E5C /* LaunchScreen.xib in Resources */,
				A89C24351DE3F6B500FAB663 /* Small012.png in Resources */,
				A89C24281DE3F6B500FAB663 /* Small005@2x.png in Resources */,
				A89C24311DE3F6B500FAB663 /* Small010.png in Resources */,
				A89C243C1DE3F6B500FAB663 /* Small015@2x.png in Resources */,
				A89C242B1DE3F6B500FAB663 /* Small007.png in Resources */,
				A89C24231DE3F6B500FAB663 /* Small003.png in Resources */,
				A89C242A1DE3F6B500FAB663 /* Small006@2x.png in Resources */,
				A89C24301DE3F6B500FAB663 /* Small009@2x.png in Resources */,
				A89C24461DE3F6B500FAB663 /* Small020@2x.png in Resources */,
				A89C23EC1DE3F2EF00FAB663 /* smile.png in Resources */,
				A89C24261DE3F6B500FAB663 /* Small004@2x.png in Resources */,
				A89C243A1DE3F6B500FAB663 /* Small014@2x.png in Resources */,
				A89C242D1DE3F6B500FAB663 /* Small008.png in Resources */,
				8877969A1B9AE66300843E5C /* Images.xcassets in Resources */,
				A89C24321DE3F6B500FAB663 /* Small010@2x.png in Resources */,
				A89C24221DE3F6B500FAB663 /* Small002@2x.png in Resources */,
				A89C24371DE3F6B500FAB663 /* Small013.png in Resources */,
			);
			runOnlyForDeploymentPostprocessing = 0;
		};
		887796A01B9AE66300843E5C /* Resources */ = {
			isa = PBXResourcesBuildPhase;
			buildActionMask = 2147483647;
			files = (
			);
			runOnlyForDeploymentPostprocessing = 0;
		};
/* End PBXResourcesBuildPhase section */

/* Begin PBXSourcesBuildPhase section */
		887796851B9AE66300843E5C /* Sources */ = {
			isa = PBXSourcesBuildPhase;
			buildActionMask = 2147483647;
			files = (
				A802AB861DD2F88F0008B658 /* TotalViewController.m in Sources */,
				A89C241E1DE3F6B500FAB663 /* NSString+FindFace.m in Sources */,
				A89C23EA1DE3F05200FAB663 /* RichLabelViewController.m in Sources */,
				A802AB891DD2F9420008B658 /* UILabel+LabelExtension.m in Sources */,
				A88BCA931DE2FC7400953E52 /* TagView.m in Sources */,
				887796951B9AE66300843E5C /* ViewController.m in Sources */,
				A88BCA891DE2F74100953E52 /* WSShiningLabel.m in Sources */,
				A802AB801DD2C8EA0008B658 /* LabelLineViewController.m in Sources */,
				A89C241D1DE3F6B500FAB663 /* NSMutableAttributedString+Extention.m in Sources */,
				887796921B9AE66300843E5C /* AppDelegate.m in Sources */,
				A802AB831DD2CDCA0008B658 /* TextColorsViewController.m in Sources */,
				A80DD9CE1DDD82DB00CC3D85 /* TextSizeViewController.m in Sources */,
				A8B3BB6C1DD30EFE007F2481 /* TextFontViewController.m in Sources */,
				A88BCA8D1DE2FB6700953E52 /* TagViewController.m in Sources */,
				A802AB7D1DD2C3FC0008B658 /* LabelFontViewController.m in Sources */,
				8877968F1B9AE66300843E5C /* main.m in Sources */,
			);
			runOnlyForDeploymentPostprocessing = 0;
		};
		8877969E1B9AE66300843E5C /* Sources */ = {
			isa = PBXSourcesBuildPhase;
			buildActionMask = 2147483647;
			files = (
				887796A91B9AE66300843E5C /* UILabelTests.m in Sources */,
			);
			runOnlyForDeploymentPostprocessing = 0;
		};
/* End PBXSourcesBuildPhase section */

/* Begin PBXTargetDependency section */
		887796A41B9AE66300843E5C /* PBXTargetDependency */ = {
			isa = PBXTargetDependency;
			target = 887796881B9AE66300843E5C /* UILabel */;
			targetProxy = 887796A31B9AE66300843E5C /* PBXContainerItemProxy */;
		};
/* End PBXTargetDependency section */

/* Begin PBXVariantGroup section */
		887796961B9AE66300843E5C /* Main.storyboard */ = {
			isa = PBXVariantGroup;
			children = (
				887796971B9AE66300843E5C /* Base */,
			);
			name = Main.storyboard;
			sourceTree = "<group>";
		};
		8877969B1B9AE66300843E5C /* LaunchScreen.xib */ = {
			isa = PBXVariantGroup;
			children = (
				8877969C1B9AE66300843E5C /* Base */,
			);
			name = LaunchScreen.xib;
			sourceTree = "<group>";
		};
/* End PBXVariantGroup section */

/* Begin XCBuildConfiguration section */
		887796AA1B9AE66300843E5C /* Debug */ = {
			isa = XCBuildConfiguration;
			buildSettings = {
				ALWAYS_SEARCH_USER_PATHS = NO;
				CLANG_CXX_LANGUAGE_STANDARD = "gnu++0x";
				CLANG_CXX_LIBRARY = "libc++";
				CLANG_ENABLE_MODULES = YES;
				CLANG_ENABLE_OBJC_ARC = YES;
				CLANG_WARN_BOOL_CONVERSION = YES;
				CLANG_WARN_CONSTANT_CONVERSION = YES;
				CLANG_WARN_DIRECT_OBJC_ISA_USAGE = YES_ERROR;
				CLANG_WARN_EMPTY_BODY = YES;
				CLANG_WARN_ENUM_CONVERSION = YES;
				CLANG_WARN_INT_CONVERSION = YES;
				CLANG_WARN_OBJC_ROOT_CLASS = YES_ERROR;
				CLANG_WARN_UNREACHABLE_CODE = YES;
				CLANG_WARN__DUPLICATE_METHOD_MATCH = YES;
				"CODE_SIGN_IDENTITY[sdk=iphoneos*]" = "iPhone Developer";
				COPY_PHASE_STRIP = NO;
				ENABLE_STRICT_OBJC_MSGSEND = YES;
				GCC_C_LANGUAGE_STANDARD = gnu99;
				GCC_DYNAMIC_NO_PIC = NO;
				GCC_OPTIMIZATION_LEVEL = 0;
				GCC_PREPROCESSOR_DEFINITIONS = (
					"DEBUG=1",
					"$(inherited)",
				);
				GCC_SYMBOLS_PRIVATE_EXTERN = NO;
				GCC_WARN_64_TO_32_BIT_CONVERSION = YES;
				GCC_WARN_ABOUT_RETURN_TYPE = YES_ERROR;
				GCC_WARN_UNDECLARED_SELECTOR = YES;
				GCC_WARN_UNINITIALIZED_AUTOS = YES_AGGRESSIVE;
				GCC_WARN_UNUSED_FUNCTION = YES;
				GCC_WARN_UNUSED_VARIABLE = YES;
				IPHONEOS_DEPLOYMENT_TARGET = 8.2;
				MTL_ENABLE_DEBUG_INFO = YES;
				ONLY_ACTIVE_ARCH = YES;
				SDKROOT = iphoneos;
			};
			name = Debug;
		};
		887796AB1B9AE66300843E5C /* Release */ = {
			isa = XCBuildConfiguration;
			buildSettings = {
				ALWAYS_SEARCH_USER_PATHS = NO;
				CLANG_CXX_LANGUAGE_STANDARD = "gnu++0x";
				CLANG_CXX_LIBRARY = "libc++";
				CLANG_ENABLE_MODULES = YES;
				CLANG_ENABLE_OBJC_ARC = YES;
				CLANG_WARN_BOOL_CONVERSION = YES;
				CLANG_WARN_CONSTANT_CONVERSION = YES;
				CLANG_WARN_DIRECT_OBJC_ISA_USAGE = YES_ERROR;
				CLANG_WARN_EMPTY_BODY = YES;
				CLANG_WARN_ENUM_CONVERSION = YES;
				CLANG_WARN_INT_CONVERSION = YES;
				CLANG_WARN_OBJC_ROOT_CLASS = YES_ERROR;
				CLANG_WARN_UNREACHABLE_CODE = YES;
				CLANG_WARN__DUPLICATE_METHOD_MATCH = YES;
				"CODE_SIGN_IDENTITY[sdk=iphoneos*]" = "iPhone Developer";
				COPY_PHASE_STRIP = NO;
				ENABLE_NS_ASSERTIONS = NO;
				ENABLE_STRICT_OBJC_MSGSEND = YES;
				GCC_C_LANGUAGE_STANDARD = gnu99;
				GCC_WARN_64_TO_32_BIT_CONVERSION = YES;
				GCC_WARN_ABOUT_RETURN_TYPE = YES_ERROR;
				GCC_WARN_UNDECLARED_SELECTOR = YES;
				GCC_WARN_UNINITIALIZED_AUTOS = YES_AGGRESSIVE;
				GCC_WARN_UNUSED_FUNCTION = YES;
				GCC_WARN_UNUSED_VARIABLE = YES;
				IPHONEOS_DEPLOYMENT_TARGET = 8.2;
				MTL_ENABLE_DEBUG_INFO = NO;
				SDKROOT = iphoneos;
				VALIDATE_PRODUCT = YES;
			};
			name = Release;
		};
		887796AD1B9AE66300843E5C /* Debug */ = {
			isa = XCBuildConfiguration;
			buildSettings = {
				ASSETCATALOG_COMPILER_APPICON_NAME = AppIcon;
				INFOPLIST_FILE = UILabel/Info.plist;
				LD_RUNPATH_SEARCH_PATHS = "$(inherited) @executable_path/Frameworks";
				PRODUCT_NAME = "$(TARGET_NAME)";
			};
			name = Debug;
		};
		887796AE1B9AE66300843E5C /* Release */ = {
			isa = XCBuildConfiguration;
			buildSettings = {
				ASSETCATALOG_COMPILER_APPICON_NAME = AppIcon;
				INFOPLIST_FILE = UILabel/Info.plist;
				LD_RUNPATH_SEARCH_PATHS = "$(inherited) @executable_path/Frameworks";
				PRODUCT_NAME = "$(TARGET_NAME)";
			};
			name = Release;
		};
		887796B01B9AE66300843E5C /* Debug */ = {
			isa = XCBuildConfiguration;
			buildSettings = {
				BUNDLE_LOADER = "$(TEST_HOST)";
				FRAMEWORK_SEARCH_PATHS = (
					"$(SDKROOT)/Developer/Library/Frameworks",
					"$(inherited)",
				);
				GCC_PREPROCESSOR_DEFINITIONS = (
					"DEBUG=1",
					"$(inherited)",
				);
				INFOPLIST_FILE = UILabelTests/Info.plist;
				LD_RUNPATH_SEARCH_PATHS = "$(inherited) @executable_path/Frameworks @loader_path/Frameworks";
				PRODUCT_NAME = "$(TARGET_NAME)";
				TEST_HOST = "$(BUILT_PRODUCTS_DIR)/UILabel.app/UILabel";
			};
			name = Debug;
		};
		887796B11B9AE66300843E5C /* Release */ = {
			isa = XCBuildConfiguration;
			buildSettings = {
				BUNDLE_LOADER = "$(TEST_HOST)";
				FRAMEWORK_SEARCH_PATHS = (
					"$(SDKROOT)/Developer/Library/Frameworks",
					"$(inherited)",
				);
				INFOPLIST_FILE = UILabelTests/Info.plist;
				LD_RUNPATH_SEARCH_PATHS = "$(inherited) @executable_path/Frameworks @loader_path/Frameworks";
				PRODUCT_NAME = "$(TARGET_NAME)";
				TEST_HOST = "$(BUILT_PRODUCTS_DIR)/UILabel.app/UILabel";
			};
			name = Release;
		};
/* End XCBuildConfiguration section */

/* Begin XCConfigurationList section */
		887796841B9AE66300843E5C /* Build configuration list for PBXProject "UILabel" */ = {
			isa = XCConfigurationList;
			buildConfigurations = (
				887796AA1B9AE66300843E5C /* Debug */,
				887796AB1B9AE66300843E5C /* Release */,
			);
			defaultConfigurationIsVisible = 0;
			defaultConfigurationName = Release;
		};
		887796AC1B9AE66300843E5C /* Build configuration list for PBXNativeTarget "UILabel" */ = {
			isa = XCConfigurationList;
			buildConfigurations = (
				887796AD1B9AE66300843E5C /* Debug */,
				887796AE1B9AE66300843E5C /* Release */,
			);
			defaultConfigurationIsVisible = 0;
			defaultConfigurationName = Release;
		};
		887796AF1B9AE66300843E5C /* Build configuration list for PBXNativeTarget "UILabelTests" */ = {
			isa = XCConfigurationList;
			buildConfigurations = (
				887796B01B9AE66300843E5C /* Debug */,
				887796B11B9AE66300843E5C /* Release */,
			);
			defaultConfigurationIsVisible = 0;
			defaultConfigurationName = Release;
		};
/* End XCConfigurationList section */
	};
	rootObject = 887796811B9AE66300843E5C /* Project object */;
}
