// !$*UTF8*$!
{
	archiveVersion = 1;
	classes = {
	};
	objectVersion = 46;
	objects = {

/* Begin PBXBuildFile section */
		A8C6EA7B1DE52EE400B81959 /* main.m in Sources */ = {isa = PBXBuildFile; fileRef = A8C6EA7A1DE52EE400B81959 /* main.m */; };
		A8C6EA7E1DE52EE400B81959 /* AppDelegate.m in Sources */ = {isa = PBXBuildFile; fileRef = A8C6EA7D1DE52EE400B81959 /* AppDelegate.m */; };
		A8C6EA811DE52EE400B81959 /* ViewController.m in Sources */ = {isa = PBXBuildFile; fileRef = A8C6EA801DE52EE400B81959 /* ViewController.m */; };
		A8C6EA841DE52EE400B81959 /* Main.storyboard in Resources */ = {isa = PBXBuildFile; fileRef = A8C6EA821DE52EE400B81959 /* Main.storyboard */; };
		A8C6EA861DE52EE400B81959 /* Assets.xcassets in Resources */ = {isa = PBXBuildFile; fileRef = A8C6EA851DE52EE400B81959 /* Assets.xcassets */; };
		A8C6EA891DE52EE400B81959 /* LaunchScreen.storyboard in Resources */ = {isa = PBXBuildFile; fileRef = A8C6EA871DE52EE400B81959 /* LaunchScreen.storyboard */; };
		A8C6EA931DE5375D00B81959 /* RadioButton.m in Sources */ = {isa = PBXBuildFile; fileRef = A8C6EA921DE5375D00B81959 /* RadioButton.m */; };
		A8C6EA961DE537A300B81959 /* SingleChooseViewController.m in Sources */ = {isa = PBXBuildFile; fileRef = A8C6EA951DE537A300B81959 /* SingleChooseViewController.m */; };
		A8C6EA9C1DE53C7B00B81959 /* checked.png in Resources */ = {isa = PBXBuildFile; fileRef = A8C6EA981DE53C7B00B81959 /* checked.png */; };
		A8C6EA9D1DE53C7B00B81959 /* checked@2x.png in Resources */ = {isa = PBXBuildFile; fileRef = A8C6EA991DE53C7B00B81959 /* checked@2x.png */; };
		A8C6EA9E1DE53C7B00B81959 /* unchecked.png in Resources */ = {isa = PBXBuildFile; fileRef = A8C6EA9A1DE53C7B00B81959 /* unchecked.png */; };
		A8C6EA9F1DE53C7B00B81959 /* unchecked@2x.png in Resources */ = {isa = PBXBuildFile; fileRef = A8C6EA9B1DE53C7B00B81959 /* unchecked@2x.png */; };
		A8C6EAA41DE56FEB00B81959 /* TimerButtonViewController.m in Sources */ = {isa = PBXBuildFile; fileRef = A8C6EAA31DE56FEB00B81959 /* TimerButtonViewController.m */; };
		A8C6EAA81DE571DB00B81959 /* CustomSegmentControlView.m in Sources */ = {isa = PBXBuildFile; fileRef = A8C6EAA71DE571DB00B81959 /* CustomSegmentControlView.m */; };
		A8C6EAAD1DE574EE00B81959 /* 1.2.png in Resources */ = {isa = PBXBuildFile; fileRef = A8C6EAA91DE574EE00B81959 /* 1.2.png */; };
		A8C6EAAE1DE574EE00B81959 /* 1.png in Resources */ = {isa = PBXBuildFile; fileRef = A8C6EAAA1DE574EE00B81959 /* 1.png */; };
		A8C6EAAF1DE574EE00B81959 /* 2.2.png in Resources */ = {isa = PBXBuildFile; fileRef = A8C6EAAB1DE574EE00B81959 /* 2.2.png */; };
		A8C6EAB01DE574EE00B81959 /* 2.png in Resources */ = {isa = PBXBuildFile; fileRef = A8C6EAAC1DE574EE00B81959 /* 2.png */; };
		A8C6EAB21DE578D200B81959 /* 3.png in Resources */ = {isa = PBXBuildFile; fileRef = A8C6EAB11DE578D200B81959 /* 3.png */; };
		A8C6EAB41DE5790800B81959 /* 3.2.png in Resources */ = {isa = PBXBuildFile; fileRef = A8C6EAB31DE5790800B81959 /* 3.2.png */; };
		A8C6EAB71DE57A9000B81959 /* SegmentControlViewController.m in Sources */ = {isa = PBXBuildFile; fileRef = A8C6EAB61DE57A9000B81959 /* SegmentControlViewController.m */; };
/* End PBXBuildFile section */

/* Begin PBXFileReference section */
		A8C6EA761DE52EE400B81959 /* UIButton.app */ = {isa = PBXFileReference; explicitFileType = wrapper.application; includeInIndex = 0; path = UIButton.app; sourceTree = BUILT_PRODUCTS_DIR; };
		A8C6EA7A1DE52EE400B81959 /* main.m */ = {isa = PBXFileReference; lastKnownFileType = sourcecode.c.objc; path = main.m; sourceTree = "<group>"; };
		A8C6EA7C1DE52EE400B81959 /* AppDelegate.h */ = {isa = PBXFileReference; lastKnownFileType = sourcecode.c.h; path = AppDelegate.h; sourceTree = "<group>"; };
		A8C6EA7D1DE52EE400B81959 /* AppDelegate.m */ = {isa = PBXFileReference; lastKnownFileType = sourcecode.c.objc; path = AppDelegate.m; sourceTree = "<group>"; };
		A8C6EA7F1DE52EE400B81959 /* ViewController.h */ = {isa = PBXFileReference; lastKnownFileType = sourcecode.c.h; path = ViewController.h; sourceTree = "<group>"; };
		A8C6EA801DE52EE400B81959 /* ViewController.m */ = {isa = PBXFileReference; lastKnownFileType = sourcecode.c.objc; path = ViewController.m; sourceTree = "<group>"; };
		A8C6EA831DE52EE400B81959 /* Base */ = {isa = PBXFileReference; lastKnownFileType = file.storyboard; name = Base; path = Base.lproj/Main.storyboard; sourceTree = "<group>"; };
		A8C6EA851DE52EE400B81959 /* Assets.xcassets */ = {isa = PBXFileReference; lastKnownFileType = folder.assetcatalog; path = Assets.xcassets; sourceTree = "<group>"; };
		A8C6EA881DE52EE400B81959 /* Base */ = {isa = PBXFileReference; lastKnownFileType = file.storyboard; name = Base; path = Base.lproj/LaunchScreen.storyboard; sourceTree = "<group>"; };
		A8C6EA8A1DE52EE400B81959 /* Info.plist */ = {isa = PBXFileReference; lastKnownFileType = text.plist.xml; path = Info.plist; sourceTree = "<group>"; };
		A8C6EA911DE5375D00B81959 /* RadioButton.h */ = {isa = PBXFileReference; fileEncoding = 4; lastKnownFileType = sourcecode.c.h; path = RadioButton.h; sourceTree = "<group>"; };
		A8C6EA921DE5375D00B81959 /* RadioButton.m */ = {isa = PBXFileReference; fileEncoding = 4; lastKnownFileType = sourcecode.c.objc; path = RadioButton.m; sourceTree = "<group>"; };
		A8C6EA941DE537A300B81959 /* SingleChooseViewController.h */ = {isa = PBXFileReference; fileEncoding = 4; lastKnownFileType = sourcecode.c.h; path = SingleChooseViewController.h; sourceTree = "<group>"; };
		A8C6EA951DE537A300B81959 /* SingleChooseViewController.m */ = {isa = PBXFileReference; fileEncoding = 4; lastKnownFileType = sourcecode.c.objc; path = SingleChooseViewController.m; sourceTree = "<group>"; };
		A8C6EA981DE53C7B00B81959 /* checked.png */ = {isa = PBXFileReference; lastKnownFileType = image.png; path = checked.png; sourceTree = "<group>"; };
		A8C6EA991DE53C7B00B81959 /* checked@2x.png */ = {isa = PBXFileReference; lastKnownFileType = image.png; path = "checked@2x.png"; sourceTree = "<group>"; };
		A8C6EA9A1DE53C7B00B81959 /* unchecked.png */ = {isa = PBXFileReference; lastKnownFileType = image.png; path = unchecked.png; sourceTree = "<group>"; };
		A8C6EA9B1DE53C7B00B81959 /* unchecked@2x.png */ = {isa = PBXFileReference; lastKnownFileType = image.png; path = "unchecked@2x.png"; sourceTree = "<group>"; };
		A8C6EAA21DE56FEB00B81959 /* TimerButtonViewController.h */ = {isa = PBXFileReference; fileEncoding = 4; lastKnownFileType = sourcecode.c.h; path = TimerButtonViewController.h; sourceTree = "<group>"; };
		A8C6EAA31DE56FEB00B81959 /* TimerButtonViewController.m */ = {isa = PBXFileReference; fileEncoding = 4; lastKnownFileType = sourcecode.c.objc; path = TimerButtonViewController.m; sourceTree = "<group>"; };
		A8C6EAA61DE571DB00B81959 /* CustomSegmentControlView.h */ = {isa = PBXFileReference; fileEncoding = 4; lastKnownFileType = sourcecode.c.h; path = CustomSegmentControlView.h; sourceTree = "<group>"; };
		A8C6EAA71DE571DB00B81959 /* CustomSegmentControlView.m */ = {isa = PBXFileReference; fileEncoding = 4; lastKnownFileType = sourcecode.c.objc; path = CustomSegmentControlView.m; sourceTree = "<group>"; };
		A8C6EAA91DE574EE00B81959 /* 1.2.png */ = {isa = PBXFileReference; lastKnownFileType = image.png; path = 1.2.png; sourceTree = "<group>"; };
		A8C6EAAA1DE574EE00B81959 /* 1.png */ = {isa = PBXFileReference; lastKnownFileType = image.png; path = 1.png; sourceTree = "<group>"; };
		A8C6EAAB1DE574EE00B81959 /* 2.2.png */ = {isa = PBXFileReference; lastKnownFileType = image.png; path = 2.2.png; sourceTree = "<group>"; };
		A8C6EAAC1DE574EE00B81959 /* 2.png */ = {isa = PBXFileReference; lastKnownFileType = image.png; path = 2.png; sourceTree = "<group>"; };
		A8C6EAB11DE578D200B81959 /* 3.png */ = {isa = PBXFileReference; lastKnownFileType = image.png; path = 3.png; sourceTree = "<group>"; };
		A8C6EAB31DE5790800B81959 /* 3.2.png */ = {isa = PBXFileReference; lastKnownFileType = image.png; path = 3.2.png; sourceTree = "<group>"; };
		A8C6EAB51DE57A9000B81959 /* SegmentControlViewController.h */ = {isa = PBXFileReference; fileEncoding = 4; lastKnownFileType = sourcecode.c.h; path = SegmentControlViewController.h; sourceTree = "<group>"; };
		A8C6EAB61DE57A9000B81959 /* SegmentControlViewController.m */ = {isa = PBXFileReference; fileEncoding = 4; lastKnownFileType = sourcecode.c.objc; path = SegmentControlViewController.m; sourceTree = "<group>"; };
/* End PBXFileReference section */

/* Begin PBXFrameworksBuildPhase section */
		A8C6EA731DE52EE400B81959 /* Frameworks */ = {
			isa = PBXFrameworksBuildPhase;
			buildActionMask = 2147483647;
			files = (
			);
			runOnlyForDeploymentPostprocessing = 0;
		};
/* End PBXFrameworksBuildPhase section */

/* Begin PBXGroup section */
		A8C6EA6D1DE52EE400B81959 = {
			isa = PBXGroup;
			children = (
				A8C6EA781DE52EE400B81959 /* UIButton */,
				A8C6EA771DE52EE400B81959 /* Products */,
			);
			sourceTree = "<group>";
		};
		A8C6EA771DE52EE400B81959 /* Products */ = {
			isa = PBXGroup;
			children = (
				A8C6EA761DE52EE400B81959 /* UIButton.app */,
			);
			name = Products;
			sourceTree = "<group>";
		};
		A8C6EA781DE52EE400B81959 /* UIButton */ = {
			isa = PBXGroup;
			children = (
				A8C6EA7C1DE52EE400B81959 /* AppDelegate.h */,
				A8C6EA7D1DE52EE400B81959 /* AppDelegate.m */,
				A8C6EA7F1DE52EE400B81959 /* ViewController.h */,
				A8C6EA801DE52EE400B81959 /* ViewController.m */,
				A8C6EAA51DE571C200B81959 /* 自定义SegmentControl */,
				A8C6EAA11DE56F7400B81959 /* 倒计时 */,
				A8C6EA901DE536E400B81959 /* 单选按钮 */,
				A8C6EA821DE52EE400B81959 /* Main.storyboard */,
				A8C6EA851DE52EE400B81959 /* Assets.xcassets */,
				A8C6EA871DE52EE400B81959 /* LaunchScreen.storyboard */,
				A8C6EA8A1DE52EE400B81959 /* Info.plist */,
				A8C6EA791DE52EE400B81959 /* Supporting Files */,
			);
			path = UIButton;
			sourceTree = "<group>";
		};
		A8C6EA791DE52EE400B81959 /* Supporting Files */ = {
			isa = PBXGroup;
			children = (
				A8C6EA7A1DE52EE400B81959 /* main.m */,
			);
			name = "Supporting Files";
			sourceTree = "<group>";
		};
		A8C6EA901DE536E400B81959 /* 单选按钮 */ = {
			isa = PBXGroup;
			children = (
				A8C6EA941DE537A300B81959 /* SingleChooseViewController.h */,
				A8C6EA951DE537A300B81959 /* SingleChooseViewController.m */,
				A8C6EA911DE5375D00B81959 /* RadioButton.h */,
				A8C6EA921DE5375D00B81959 /* RadioButton.m */,
				A8C6EA971DE53C7B00B81959 /* Resource */,
			);
			path = "单选按钮";
			sourceTree = "<group>";
		};
		A8C6EA971DE53C7B00B81959 /* Resource */ = {
			isa = PBXGroup;
			children = (
				A8C6EA981DE53C7B00B81959 /* checked.png */,
				A8C6EA991DE53C7B00B81959 /* checked@2x.png */,
				A8C6EA9A1DE53C7B00B81959 /* unchecked.png */,
				A8C6EA9B1DE53C7B00B81959 /* unchecked@2x.png */,
				A8C6EAA91DE574EE00B81959 /* 1.2.png */,
				A8C6EAAA1DE574EE00B81959 /* 1.png */,
				A8C6EAAB1DE574EE00B81959 /* 2.2.png */,
				A8C6EAAC1DE574EE00B81959 /* 2.png */,
				A8C6EAB11DE578D200B81959 /* 3.png */,
				A8C6EAB31DE5790800B81959 /* 3.2.png */,
			);
			path = Resource;
			sourceTree = "<group>";
		};
		A8C6EAA11DE56F7400B81959 /* 倒计时 */ = {
			isa = PBXGroup;
			children = (
				A8C6EAA21DE56FEB00B81959 /* TimerButtonViewController.h */,
				A8C6EAA31DE56FEB00B81959 /* TimerButtonViewController.m */,
			);
			path = "倒计时";
			sourceTree = "<group>";
		};
		A8C6EAA51DE571C200B81959 /* 自定义SegmentControl */ = {
			isa = PBXGroup;
			children = (
				A8C6EAB51DE57A9000B81959 /* SegmentControlViewController.h */,
				A8C6EAB61DE57A9000B81959 /* SegmentControlViewController.m */,
				A8C6EAA61DE571DB00B81959 /* CustomSegmentControlView.h */,
				A8C6EAA71DE571DB00B81959 /* CustomSegmentControlView.m */,
			);
			path = "自定义SegmentControl";
			sourceTree = "<group>";
		};
/* End PBXGroup section */

/* Begin PBXNativeTarget section */
		A8C6EA751DE52EE400B81959 /* UIButton */ = {
			isa = PBXNativeTarget;
			buildConfigurationList = A8C6EA8D1DE52EE400B81959 /* Build configuration list for PBXNativeTarget "UIButton" */;
			buildPhases = (
				A8C6EA721DE52EE400B81959 /* Sources */,
				A8C6EA731DE52EE400B81959 /* Frameworks */,
				A8C6EA741DE52EE400B81959 /* Resources */,
			);
			buildRules = (
			);
			dependencies = (
			);
			name = UIButton;
			productName = UIButton;
			productReference = A8C6EA761DE52EE400B81959 /* UIButton.app */;
			productType = "com.apple.product-type.application";
		};
/* End PBXNativeTarget section */

/* Begin PBXProject section */
		A8C6EA6E1DE52EE400B81959 /* Project object */ = {
			isa = PBXProject;
			attributes = {
				LastUpgradeCheck = 0810;
				ORGANIZATIONNAME = "Meng Fan";
				TargetAttributes = {
					A8C6EA751DE52EE400B81959 = {
						CreatedOnToolsVersion = 8.1;
						ProvisioningStyle = Automatic;
					};
				};
			};
			buildConfigurationList = A8C6EA711DE52EE400B81959 /* Build configuration list for PBXProject "UIButton" */;
			compatibilityVersion = "Xcode 3.2";
			developmentRegion = English;
			hasScannedForEncodings = 0;
			knownRegions = (
				en,
				Base,
			);
			mainGroup = A8C6EA6D1DE52EE400B81959;
			productRefGroup = A8C6EA771DE52EE400B81959 /* Products */;
			projectDirPath = "";
			projectRoot = "";
			targets = (
				A8C6EA751DE52EE400B81959 /* UIButton */,
			);
		};
/* End PBXProject section */

/* Begin PBXResourcesBuildPhase section */
		A8C6EA741DE52EE400B81959 /* Resources */ = {
			isa = PBXResourcesBuildPhase;
			buildActionMask = 2147483647;
			files = (
				A8C6EAB01DE574EE00B81959 /* 2.png in Resources */,
				A8C6EAAE1DE574EE00B81959 /* 1.png in Resources */,
				A8C6EA891DE52EE400B81959 /* LaunchScreen.storyboard in Resources */,
				A8C6EAB21DE578D200B81959 /* 3.png in Resources */,
				A8C6EA9D1DE53C7B00B81959 /* checked@2x.png in Resources */,
				A8C6EA9C1DE53C7B00B81959 /* checked.png in Resources */,
				A8C6EAAF1DE574EE00B81959 /* 2.2.png in Resources */,
				A8C6EAAD1DE574EE00B81959 /* 1.2.png in Resources */,
				A8C6EAB41DE5790800B81959 /* 3.2.png in Resources */,
				A8C6EA9F1DE53C7B00B81959 /* unchecked@2x.png in Resources */,
				A8C6EA861DE52EE400B81959 /* Assets.xcassets in Resources */,
				A8C6EA9E1DE53C7B00B81959 /* unchecked.png in Resources */,
				A8C6EA841DE52EE400B81959 /* Main.storyboard in Resources */,
			);
			runOnlyForDeploymentPostprocessing = 0;
		};
/* End PBXResourcesBuildPhase section */

/* Begin PBXSourcesBuildPhase section */
		A8C6EA721DE52EE400B81959 /* Sources */ = {
			isa = PBXSourcesBuildPhase;
			buildActionMask = 2147483647;
			files = (
				A8C6EAA41DE56FEB00B81959 /* TimerButtonViewController.m in Sources */,
				A8C6EA811DE52EE400B81959 /* ViewController.m in Sources */,
				A8C6EA961DE537A300B81959 /* SingleChooseViewController.m in Sources */,
				A8C6EAA81DE571DB00B81959 /* CustomSegmentControlView.m in Sources */,
				A8C6EAB71DE57A9000B81959 /* SegmentControlViewController.m in Sources */,
				A8C6EA7E1DE52EE400B81959 /* AppDelegate.m in Sources */,
				A8C6EA7B1DE52EE400B81959 /* main.m in Sources */,
				A8C6EA931DE5375D00B81959 /* RadioButton.m in Sources */,
			);
			runOnlyForDeploymentPostprocessing = 0;
		};
/* End PBXSourcesBuildPhase section */

/* Begin PBXVariantGroup section */
		A8C6EA821DE52EE400B81959 /* Main.storyboard */ = {
			isa = PBXVariantGroup;
			children = (
				A8C6EA831DE52EE400B81959 /* Base */,
			);
			name = Main.storyboard;
			sourceTree = "<group>";
		};
		A8C6EA871DE52EE400B81959 /* LaunchScreen.storyboard */ = {
			isa = PBXVariantGroup;
			children = (
				A8C6EA881DE52EE400B81959 /* Base */,
			);
			name = LaunchScreen.storyboard;
			sourceTree = "<group>";
		};
/* End PBXVariantGroup section */

/* Begin XCBuildConfiguration section */
		A8C6EA8B1DE52EE400B81959 /* Debug */ = {
			isa = XCBuildConfiguration;
			buildSettings = {
				ALWAYS_SEARCH_USER_PATHS = NO;
				CLANG_ANALYZER_NONNULL = YES;
				CLANG_CXX_LANGUAGE_STANDARD = "gnu++0x";
				CLANG_CXX_LIBRARY = "libc++";
				CLANG_ENABLE_MODULES = YES;
				CLANG_ENABLE_OBJC_ARC = YES;
				CLANG_WARN_BOOL_CONVERSION = YES;
				CLANG_WARN_CONSTANT_CONVERSION = YES;
				CLANG_WARN_DIRECT_OBJC_ISA_USAGE = YES_ERROR;
				CLANG_WARN_DOCUMENTATION_COMMENTS = YES;
				CLANG_WARN_EMPTY_BODY = YES;
				CLANG_WARN_ENUM_CONVERSION = YES;
				CLANG_WARN_INFINITE_RECURSION = YES;
				CLANG_WARN_INT_CONVERSION = YES;
				CLANG_WARN_OBJC_ROOT_CLASS = YES_ERROR;
				CLANG_WARN_SUSPICIOUS_MOVES = YES;
				CLANG_WARN_UNREACHABLE_CODE = YES;
				CLANG_WARN__DUPLICATE_METHOD_MATCH = YES;
				"CODE_SIGN_IDENTITY[sdk=iphoneos*]" = "iPhone Developer";
				COPY_PHASE_STRIP = NO;
				DEBUG_INFORMATION_FORMAT = dwarf;
				ENABLE_STRICT_OBJC_MSGSEND = YES;
				ENABLE_TESTABILITY = YES;
				GCC_C_LANGUAGE_STANDARD = gnu99;
				GCC_DYNAMIC_NO_PIC = NO;
				GCC_NO_COMMON_BLOCKS = YES;
				GCC_OPTIMIZATION_LEVEL = 0;
				GCC_PREPROCESSOR_DEFINITIONS = (
					"DEBUG=1",
					"$(inherited)",
				);
				GCC_WARN_64_TO_32_BIT_CONVERSION = YES;
				GCC_WARN_ABOUT_RETURN_TYPE = YES_ERROR;
				GCC_WARN_UNDECLARED_SELECTOR = YES;
				GCC_WARN_UNINITIALIZED_AUTOS = YES_AGGRESSIVE;
				GCC_WARN_UNUSED_FUNCTION = YES;
				GCC_WARN_UNUSED_VARIABLE = YES;
				IPHONEOS_DEPLOYMENT_TARGET = 10.1;
				MTL_ENABLE_DEBUG_INFO = YES;
				ONLY_ACTIVE_ARCH = YES;
				SDKROOT = iphoneos;
				TARGETED_DEVICE_FAMILY = "1,2";
			};
			name = Debug;
		};
		A8C6EA8C1DE52EE400B81959 /* Release */ = {
			isa = XCBuildConfiguration;
			buildSettings = {
				ALWAYS_SEARCH_USER_PATHS = NO;
				CLANG_ANALYZER_NONNULL = YES;
				CLANG_CXX_LANGUAGE_STANDARD = "gnu++0x";
				CLANG_CXX_LIBRARY = "libc++";
				CLANG_ENABLE_MODULES = YES;
				CLANG_ENABLE_OBJC_ARC = YES;
				CLANG_WARN_BOOL_CONVERSION = YES;
				CLANG_WARN_CONSTANT_CONVERSION = YES;
				CLANG_WARN_DIRECT_OBJC_ISA_USAGE = YES_ERROR;
				CLANG_WARN_DOCUMENTATION_COMMENTS = YES;
				CLANG_WARN_EMPTY_BODY = YES;
				CLANG_WARN_ENUM_CONVERSION = YES;
				CLANG_WARN_INFINITE_RECURSION = YES;
				CLANG_WARN_INT_CONVERSION = YES;
				CLANG_WARN_OBJC_ROOT_CLASS = YES_ERROR;
				CLANG_WARN_SUSPICIOUS_MOVES = YES;
				CLANG_WARN_UNREACHABLE_CODE = YES;
				CLANG_WARN__DUPLICATE_METHOD_MATCH = YES;
				"CODE_SIGN_IDENTITY[sdk=iphoneos*]" = "iPhone Developer";
				COPY_PHASE_STRIP = NO;
				DEBUG_INFORMATION_FORMAT = "dwarf-with-dsym";
				ENABLE_NS_ASSERTIONS = NO;
				ENABLE_STRICT_OBJC_MSGSEND = YES;
				GCC_C_LANGUAGE_STANDARD = gnu99;
				GCC_NO_COMMON_BLOCKS = YES;
				GCC_WARN_64_TO_32_BIT_CONVERSION = YES;
				GCC_WARN_ABOUT_RETURN_TYPE = YES_ERROR;
				GCC_WARN_UNDECLARED_SELECTOR = YES;
				GCC_WARN_UNINITIALIZED_AUTOS = YES_AGGRESSIVE;
				GCC_WARN_UNUSED_FUNCTION = YES;
				GCC_WARN_UNUSED_VARIABLE = YES;
				IPHONEOS_DEPLOYMENT_TARGET = 10.1;
				MTL_ENABLE_DEBUG_INFO = NO;
				SDKROOT = iphoneos;
				TARGETED_DEVICE_FAMILY = "1,2";
				VALIDATE_PRODUCT = YES;
			};
			name = Release;
		};
		A8C6EA8E1DE52EE400B81959 /* Debug */ = {
			isa = XCBuildConfiguration;
			buildSettings = {
				ASSETCATALOG_COMPILER_APPICON_NAME = AppIcon;
				INFOPLIST_FILE = UIButton/Info.plist;
				LD_RUNPATH_SEARCH_PATHS = "$(inherited) @executable_path/Frameworks";
				PRODUCT_BUNDLE_IDENTIFIER = com.dk.UIButton;
				PRODUCT_NAME = "$(TARGET_NAME)";
			};
			name = Debug;
		};
		A8C6EA8F1DE52EE400B81959 /* Release */ = {
			isa = XCBuildConfiguration;
			buildSettings = {
				ASSETCATALOG_COMPILER_APPICON_NAME = AppIcon;
				INFOPLIST_FILE = UIButton/Info.plist;
				LD_RUNPATH_SEARCH_PATHS = "$(inherited) @executable_path/Frameworks";
				PRODUCT_BUNDLE_IDENTIFIER = com.dk.UIButton;
				PRODUCT_NAME = "$(TARGET_NAME)";
			};
			name = Release;
		};
/* End XCBuildConfiguration section */

/* Begin XCConfigurationList section */
		A8C6EA711DE52EE400B81959 /* Build configuration list for PBXProject "UIButton" */ = {
			isa = XCConfigurationList;
			buildConfigurations = (
				A8C6EA8B1DE52EE400B81959 /* Debug */,
				A8C6EA8C1DE52EE400B81959 /* Release */,
			);
			defaultConfigurationIsVisible = 0;
			defaultConfigurationName = Release;
		};
		A8C6EA8D1DE52EE400B81959 /* Build configuration list for PBXNativeTarget "UIButton" */ = {
			isa = XCConfigurationList;
			buildConfigurations = (
				A8C6EA8E1DE52EE400B81959 /* Debug */,
				A8C6EA8F1DE52EE400B81959 /* Release */,
			);
			defaultConfigurationIsVisible = 0;
		};
/* End XCConfigurationList section */
	};
	rootObject = A8C6EA6E1DE52EE400B81959 /* Project object */;
}
